// !$*UTF8*$!
{
	archiveVersion = 1;
	classes = {
	};
	objectVersion = 50;
	objects = {

/* Begin PBXBuildFile section */
		5504A79322D02AC900081C10 /* TDSwiftRouteDetailMapViewResult.swift in Sources */ = {isa = PBXBuildFile; fileRef = 5504A78E22D02AC800081C10 /* TDSwiftRouteDetailMapViewResult.swift */; };
		5504A79422D02AC900081C10 /* TDSwiftRouteDetailMapViewInfo.swift in Sources */ = {isa = PBXBuildFile; fileRef = 5504A78F22D02AC800081C10 /* TDSwiftRouteDetailMapViewInfo.swift */; };
		5504A79522D02AC900081C10 /* TDSwiftRouteDetailMapViewConfig.swift in Sources */ = {isa = PBXBuildFile; fileRef = 5504A79022D02AC800081C10 /* TDSwiftRouteDetailMapViewConfig.swift */; };
		5504A79622D02AC900081C10 /* TDSwiftRouteDetailMapViewAnnotation.swift in Sources */ = {isa = PBXBuildFile; fileRef = 5504A79122D02AC800081C10 /* TDSwiftRouteDetailMapViewAnnotation.swift */; };
		5504A79722D02AC900081C10 /* TDSwiftRouteDetailMapView.swift in Sources */ = {isa = PBXBuildFile; fileRef = 5504A79222D02AC900081C10 /* TDSwiftRouteDetailMapView.swift */; };
		5504A79D22D194AF00081C10 /* TDSwiftPopoverItem.swift in Sources */ = {isa = PBXBuildFile; fileRef = 5504A79922D194AF00081C10 /* TDSwiftPopoverItem.swift */; };
		5504A79E22D194AF00081C10 /* TDSwiftPopover+UITableView.swift in Sources */ = {isa = PBXBuildFile; fileRef = 5504A79A22D194AF00081C10 /* TDSwiftPopover+UITableView.swift */; };
		5504A79F22D194AF00081C10 /* TDSwiftPopover+UIGestureRecognizer.swift in Sources */ = {isa = PBXBuildFile; fileRef = 5504A79B22D194AF00081C10 /* TDSwiftPopover+UIGestureRecognizer.swift */; };
		5504A7A022D194AF00081C10 /* TDSwiftPopover.swift in Sources */ = {isa = PBXBuildFile; fileRef = 5504A79C22D194AF00081C10 /* TDSwiftPopover.swift */; };
		5504A7A522D1DA4500081C10 /* HMThreeDotsBarButtonItem.swift in Sources */ = {isa = PBXBuildFile; fileRef = 5504A7A422D1DA4500081C10 /* HMThreeDotsBarButtonItem.swift */; };
		5504A7A822D1DD3B00081C10 /* HMTripDetailPopover.swift in Sources */ = {isa = PBXBuildFile; fileRef = 5504A7A722D1DD3B00081C10 /* HMTripDetailPopover.swift */; };
		5504A7D622D21D9300081C10 /* TDSwiftHeartBeatConfig.swift in Sources */ = {isa = PBXBuildFile; fileRef = 5504A7D422D21D9300081C10 /* TDSwiftHeartBeatConfig.swift */; };
		5504A7D722D21D9300081C10 /* TDSwiftHeartBeat.swift in Sources */ = {isa = PBXBuildFile; fileRef = 5504A7D522D21D9300081C10 /* TDSwiftHeartBeat.swift */; };
		5504A7DD22D223B000081C10 /* HMHeartBeat.swift in Sources */ = {isa = PBXBuildFile; fileRef = 5504A7DC22D223B000081C10 /* HMHeartBeat.swift */; };
		5504A7DF22D3947A00081C10 /* HMTrip.swift in Sources */ = {isa = PBXBuildFile; fileRef = 5504A7DE22D3947A00081C10 /* HMTrip.swift */; };
		55061A2022B6BD54003CDEAB /* HMTripListTableViewCell.swift in Sources */ = {isa = PBXBuildFile; fileRef = 55061A1F22B6BD54003CDEAB /* HMTripListTableViewCell.swift */; };
		55061A2322B6C040003CDEAB /* TDSwiftShape.swift in Sources */ = {isa = PBXBuildFile; fileRef = 55061A2222B6C040003CDEAB /* TDSwiftShape.swift */; };
		55061A2622B6C067003CDEAB /* TDSwiftRouteDetailView.swift in Sources */ = {isa = PBXBuildFile; fileRef = 55061A2522B6C067003CDEAB /* TDSwiftRouteDetailView.swift */; };
		557B82A722B47531002D4774 /* AppDelegate.swift in Sources */ = {isa = PBXBuildFile; fileRef = 557B82A622B47531002D4774 /* AppDelegate.swift */; };
		557B82A922B47531002D4774 /* HMAuthViewController.swift in Sources */ = {isa = PBXBuildFile; fileRef = 557B82A822B47531002D4774 /* HMAuthViewController.swift */; };
		557B82AC22B47531002D4774 /* Main.storyboard in Resources */ = {isa = PBXBuildFile; fileRef = 557B82AA22B47531002D4774 /* Main.storyboard */; };
		557B82AE22B47532002D4774 /* Assets.xcassets in Resources */ = {isa = PBXBuildFile; fileRef = 557B82AD22B47532002D4774 /* Assets.xcassets */; };
		557B82B122B47532002D4774 /* LaunchScreen.storyboard in Resources */ = {isa = PBXBuildFile; fileRef = 557B82AF22B47532002D4774 /* LaunchScreen.storyboard */; };
		557B82BC22B47532002D4774 /* hm_driver_iosTests.swift in Sources */ = {isa = PBXBuildFile; fileRef = 557B82BB22B47532002D4774 /* hm_driver_iosTests.swift */; };
		557B82C722B47532002D4774 /* hm_driver_iosUITests.swift in Sources */ = {isa = PBXBuildFile; fileRef = 557B82C622B47532002D4774 /* hm_driver_iosUITests.swift */; };
		557B82DD22B4B0CA002D4774 /* ENV.swift in Sources */ = {isa = PBXBuildFile; fileRef = 557B82DC22B4B0CA002D4774 /* ENV.swift */; };
		557B82E222B4B5DC002D4774 /* TDSwiftRequest.swift in Sources */ = {isa = PBXBuildFile; fileRef = 557B82E022B4B5DC002D4774 /* TDSwiftRequest.swift */; };
		557B82E322B4B5DC002D4774 /* TDSwiftRequestError.swift in Sources */ = {isa = PBXBuildFile; fileRef = 557B82E122B4B5DC002D4774 /* TDSwiftRequestError.swift */; };
		5589A97322BF6B08003353C9 /* HMEarningWageTableViewCell.swift in Sources */ = {isa = PBXBuildFile; fileRef = 5589A97222BF6B08003353C9 /* HMEarningWageTableViewCell.swift */; };
		5589A97522BF6B35003353C9 /* HMEarningSalaryTableViewCell.swift in Sources */ = {isa = PBXBuildFile; fileRef = 5589A97422BF6B35003353C9 /* HMEarningSalaryTableViewCell.swift */; };
		5589A97822C03E23003353C9 /* HMTripDetailBGView.swift in Sources */ = {isa = PBXBuildFile; fileRef = 5589A97722C03E23003353C9 /* HMTripDetailBGView.swift */; };
		5589A97B22C03FC1003353C9 /* TDSwiftRoundedCornerView.swift in Sources */ = {isa = PBXBuildFile; fileRef = 5589A97A22C03FC1003353C9 /* TDSwiftRoundedCornerView.swift */; };
		55ABB63022B6225800F569AF /* TDSwiftSpinner.swift in Sources */ = {isa = PBXBuildFile; fileRef = 55ABB62F22B6225800F569AF /* TDSwiftSpinner.swift */; };
		55ABB63322B629E500F569AF /* TDSwiftSegmentedControl.swift in Sources */ = {isa = PBXBuildFile; fileRef = 55ABB63222B629E500F569AF /* TDSwiftSegmentedControl.swift */; };
		55ABB63522B629F900F569AF /* TDSwiftSegmentedControlConfig.swift in Sources */ = {isa = PBXBuildFile; fileRef = 55ABB63422B629F900F569AF /* TDSwiftSegmentedControlConfig.swift */; };
		55BCFB6322CCE8F30080C39E /* HMAuth.swift in Sources */ = {isa = PBXBuildFile; fileRef = 55BCFB6222CCE8F30080C39E /* HMAuth.swift */; };
		55DF25BD22B5E457003AED00 /* TDSwiftGesture.swift in Sources */ = {isa = PBXBuildFile; fileRef = 55DF25BC22B5E457003AED00 /* TDSwiftGesture.swift */; };
		55EA8D4A22B6EEF500A57BF1 /* HMRouteDetailView.swift in Sources */ = {isa = PBXBuildFile; fileRef = 55EA8D4922B6EEF500A57BF1 /* HMRouteDetailView.swift */; };
		55EA8D4D22B6F38100A57BF1 /* HMTripDetailViewController.swift in Sources */ = {isa = PBXBuildFile; fileRef = 55EA8D4C22B6F38100A57BF1 /* HMTripDetailViewController.swift */; };
		55EA8D5022B6F77400A57BF1 /* TDSwiftMapTools.swift in Sources */ = {isa = PBXBuildFile; fileRef = 55EA8D4F22B6F77400A57BF1 /* TDSwiftMapTools.swift */; };
		55EA8D5322B705D100A57BF1 /* HMEarningViewController.swift in Sources */ = {isa = PBXBuildFile; fileRef = 55EA8D5222B705D100A57BF1 /* HMEarningViewController.swift */; };
		55EA8D5622B7062D00A57BF1 /* HMAccountViewController.swift in Sources */ = {isa = PBXBuildFile; fileRef = 55EA8D5522B7062D00A57BF1 /* HMAccountViewController.swift */; };
		55F73ADA22D4CB8A00880212 /* TDSwiftDate.swift in Sources */ = {isa = PBXBuildFile; fileRef = 55F73AD922D4CB8A00880212 /* TDSwiftDate.swift */; };
		55F9A2A522B4B92F00788FC5 /* TDSwiftHavana.swift in Sources */ = {isa = PBXBuildFile; fileRef = 55F9A2A422B4B92F00788FC5 /* TDSwiftHavana.swift */; };
		55F9A2A822B4BC1000788FC5 /* KeychainPasswordItem.swift in Sources */ = {isa = PBXBuildFile; fileRef = 55F9A2A722B4BC1000788FC5 /* KeychainPasswordItem.swift */; };
		55F9A2AA22B5677D00788FC5 /* DriverConn.swift in Sources */ = {isa = PBXBuildFile; fileRef = 55F9A2A922B5677D00788FC5 /* DriverConn.swift */; };
		55F9A2AE22B58FAE00788FC5 /* TDSwiftAlert.swift in Sources */ = {isa = PBXBuildFile; fileRef = 55F9A2AD22B58FAE00788FC5 /* TDSwiftAlert.swift */; };
		55F9A2B122B5926400788FC5 /* HMLoginViewController.swift in Sources */ = {isa = PBXBuildFile; fileRef = 55F9A2B022B5926400788FC5 /* HMLoginViewController.swift */; };
		55F9A2B422B5929600788FC5 /* HMTripListViewController.swift in Sources */ = {isa = PBXBuildFile; fileRef = 55F9A2B322B5929600788FC5 /* HMTripListViewController.swift */; };
		55F9A2B722B5939800788FC5 /* HMMainTabBarController.swift in Sources */ = {isa = PBXBuildFile; fileRef = 55F9A2B622B5939800788FC5 /* HMMainTabBarController.swift */; };
		55F9A2B922B59F3300788FC5 /* CONST.swift in Sources */ = {isa = PBXBuildFile; fileRef = 55F9A2B822B59F3300788FC5 /* CONST.swift */; };
		55F9A2BC22B5A04400788FC5 /* TDSwiftBasicButton.swift in Sources */ = {isa = PBXBuildFile; fileRef = 55F9A2BB22B5A04400788FC5 /* TDSwiftBasicButton.swift */; };
		55F9A2BF22B5A09300788FC5 /* HMBasicButton.swift in Sources */ = {isa = PBXBuildFile; fileRef = 55F9A2BE22B5A09300788FC5 /* HMBasicButton.swift */; };
/* End PBXBuildFile section */

/* Begin PBXContainerItemProxy section */
		557B82B822B47532002D4774 /* PBXContainerItemProxy */ = {
			isa = PBXContainerItemProxy;
			containerPortal = 557B829B22B47531002D4774 /* Project object */;
			proxyType = 1;
			remoteGlobalIDString = 557B82A222B47531002D4774;
			remoteInfo = "hm-driver-ios";
		};
		557B82C322B47532002D4774 /* PBXContainerItemProxy */ = {
			isa = PBXContainerItemProxy;
			containerPortal = 557B829B22B47531002D4774 /* Project object */;
			proxyType = 1;
			remoteGlobalIDString = 557B82A222B47531002D4774;
			remoteInfo = "hm-driver-ios";
		};
/* End PBXContainerItemProxy section */

/* Begin PBXFileReference section */
		5504A78E22D02AC800081C10 /* TDSwiftRouteDetailMapViewResult.swift */ = {isa = PBXFileReference; fileEncoding = 4; lastKnownFileType = sourcecode.swift; path = TDSwiftRouteDetailMapViewResult.swift; sourceTree = "<group>"; };
		5504A78F22D02AC800081C10 /* TDSwiftRouteDetailMapViewInfo.swift */ = {isa = PBXFileReference; fileEncoding = 4; lastKnownFileType = sourcecode.swift; path = TDSwiftRouteDetailMapViewInfo.swift; sourceTree = "<group>"; };
		5504A79022D02AC800081C10 /* TDSwiftRouteDetailMapViewConfig.swift */ = {isa = PBXFileReference; fileEncoding = 4; lastKnownFileType = sourcecode.swift; path = TDSwiftRouteDetailMapViewConfig.swift; sourceTree = "<group>"; };
		5504A79122D02AC800081C10 /* TDSwiftRouteDetailMapViewAnnotation.swift */ = {isa = PBXFileReference; fileEncoding = 4; lastKnownFileType = sourcecode.swift; path = TDSwiftRouteDetailMapViewAnnotation.swift; sourceTree = "<group>"; };
		5504A79222D02AC900081C10 /* TDSwiftRouteDetailMapView.swift */ = {isa = PBXFileReference; fileEncoding = 4; lastKnownFileType = sourcecode.swift; path = TDSwiftRouteDetailMapView.swift; sourceTree = "<group>"; };
		5504A79922D194AF00081C10 /* TDSwiftPopoverItem.swift */ = {isa = PBXFileReference; fileEncoding = 4; lastKnownFileType = sourcecode.swift; path = TDSwiftPopoverItem.swift; sourceTree = "<group>"; };
		5504A79A22D194AF00081C10 /* TDSwiftPopover+UITableView.swift */ = {isa = PBXFileReference; fileEncoding = 4; lastKnownFileType = sourcecode.swift; path = "TDSwiftPopover+UITableView.swift"; sourceTree = "<group>"; };
		5504A79B22D194AF00081C10 /* TDSwiftPopover+UIGestureRecognizer.swift */ = {isa = PBXFileReference; fileEncoding = 4; lastKnownFileType = sourcecode.swift; path = "TDSwiftPopover+UIGestureRecognizer.swift"; sourceTree = "<group>"; };
		5504A79C22D194AF00081C10 /* TDSwiftPopover.swift */ = {isa = PBXFileReference; fileEncoding = 4; lastKnownFileType = sourcecode.swift; path = TDSwiftPopover.swift; sourceTree = "<group>"; };
		5504A7A422D1DA4500081C10 /* HMThreeDotsBarButtonItem.swift */ = {isa = PBXFileReference; lastKnownFileType = sourcecode.swift; path = HMThreeDotsBarButtonItem.swift; sourceTree = "<group>"; };
		5504A7A722D1DD3B00081C10 /* HMTripDetailPopover.swift */ = {isa = PBXFileReference; lastKnownFileType = sourcecode.swift; path = HMTripDetailPopover.swift; sourceTree = "<group>"; };
		5504A7D422D21D9300081C10 /* TDSwiftHeartBeatConfig.swift */ = {isa = PBXFileReference; fileEncoding = 4; lastKnownFileType = sourcecode.swift; path = TDSwiftHeartBeatConfig.swift; sourceTree = "<group>"; };
		5504A7D522D21D9300081C10 /* TDSwiftHeartBeat.swift */ = {isa = PBXFileReference; fileEncoding = 4; lastKnownFileType = sourcecode.swift; path = TDSwiftHeartBeat.swift; sourceTree = "<group>"; };
		5504A7DC22D223B000081C10 /* HMHeartBeat.swift */ = {isa = PBXFileReference; lastKnownFileType = sourcecode.swift; path = HMHeartBeat.swift; sourceTree = "<group>"; };
		5504A7DE22D3947A00081C10 /* HMTrip.swift */ = {isa = PBXFileReference; lastKnownFileType = sourcecode.swift; path = HMTrip.swift; sourceTree = "<group>"; };
		55061A1F22B6BD54003CDEAB /* HMTripListTableViewCell.swift */ = {isa = PBXFileReference; lastKnownFileType = sourcecode.swift; path = HMTripListTableViewCell.swift; sourceTree = "<group>"; };
		55061A2222B6C040003CDEAB /* TDSwiftShape.swift */ = {isa = PBXFileReference; lastKnownFileType = sourcecode.swift; path = TDSwiftShape.swift; sourceTree = "<group>"; };
		55061A2522B6C067003CDEAB /* TDSwiftRouteDetailView.swift */ = {isa = PBXFileReference; lastKnownFileType = sourcecode.swift; path = TDSwiftRouteDetailView.swift; sourceTree = "<group>"; };
		557B82A322B47531002D4774 /* hm-driver-ios.app */ = {isa = PBXFileReference; explicitFileType = wrapper.application; includeInIndex = 0; path = "hm-driver-ios.app"; sourceTree = BUILT_PRODUCTS_DIR; };
		557B82A622B47531002D4774 /* AppDelegate.swift */ = {isa = PBXFileReference; lastKnownFileType = sourcecode.swift; path = AppDelegate.swift; sourceTree = "<group>"; };
		557B82A822B47531002D4774 /* HMAuthViewController.swift */ = {isa = PBXFileReference; lastKnownFileType = sourcecode.swift; path = HMAuthViewController.swift; sourceTree = "<group>"; };
		557B82AB22B47531002D4774 /* Base */ = {isa = PBXFileReference; lastKnownFileType = file.storyboard; name = Base; path = Base.lproj/Main.storyboard; sourceTree = "<group>"; };
		557B82AD22B47532002D4774 /* Assets.xcassets */ = {isa = PBXFileReference; lastKnownFileType = folder.assetcatalog; path = Assets.xcassets; sourceTree = "<group>"; };
		557B82B022B47532002D4774 /* Base */ = {isa = PBXFileReference; lastKnownFileType = file.storyboard; name = Base; path = Base.lproj/LaunchScreen.storyboard; sourceTree = "<group>"; };
		557B82B222B47532002D4774 /* Info.plist */ = {isa = PBXFileReference; lastKnownFileType = text.plist.xml; path = Info.plist; sourceTree = "<group>"; };
		557B82B722B47532002D4774 /* hm-driver-iosTests.xctest */ = {isa = PBXFileReference; explicitFileType = wrapper.cfbundle; includeInIndex = 0; path = "hm-driver-iosTests.xctest"; sourceTree = BUILT_PRODUCTS_DIR; };
		557B82BB22B47532002D4774 /* hm_driver_iosTests.swift */ = {isa = PBXFileReference; lastKnownFileType = sourcecode.swift; path = hm_driver_iosTests.swift; sourceTree = "<group>"; };
		557B82BD22B47532002D4774 /* Info.plist */ = {isa = PBXFileReference; lastKnownFileType = text.plist.xml; path = Info.plist; sourceTree = "<group>"; };
		557B82C222B47532002D4774 /* hm-driver-iosUITests.xctest */ = {isa = PBXFileReference; explicitFileType = wrapper.cfbundle; includeInIndex = 0; path = "hm-driver-iosUITests.xctest"; sourceTree = BUILT_PRODUCTS_DIR; };
		557B82C622B47532002D4774 /* hm_driver_iosUITests.swift */ = {isa = PBXFileReference; lastKnownFileType = sourcecode.swift; path = hm_driver_iosUITests.swift; sourceTree = "<group>"; };
		557B82C822B47532002D4774 /* Info.plist */ = {isa = PBXFileReference; lastKnownFileType = text.plist.xml; path = Info.plist; sourceTree = "<group>"; };
		557B82DC22B4B0CA002D4774 /* ENV.swift */ = {isa = PBXFileReference; lastKnownFileType = sourcecode.swift; path = ENV.swift; sourceTree = "<group>"; };
		557B82E022B4B5DC002D4774 /* TDSwiftRequest.swift */ = {isa = PBXFileReference; fileEncoding = 4; lastKnownFileType = sourcecode.swift; path = TDSwiftRequest.swift; sourceTree = "<group>"; };
		557B82E122B4B5DC002D4774 /* TDSwiftRequestError.swift */ = {isa = PBXFileReference; fileEncoding = 4; lastKnownFileType = sourcecode.swift; path = TDSwiftRequestError.swift; sourceTree = "<group>"; };
		5589A97222BF6B08003353C9 /* HMEarningWageTableViewCell.swift */ = {isa = PBXFileReference; lastKnownFileType = sourcecode.swift; path = HMEarningWageTableViewCell.swift; sourceTree = "<group>"; };
		5589A97422BF6B35003353C9 /* HMEarningSalaryTableViewCell.swift */ = {isa = PBXFileReference; lastKnownFileType = sourcecode.swift; path = HMEarningSalaryTableViewCell.swift; sourceTree = "<group>"; };
		5589A97722C03E23003353C9 /* HMTripDetailBGView.swift */ = {isa = PBXFileReference; lastKnownFileType = sourcecode.swift; path = HMTripDetailBGView.swift; sourceTree = "<group>"; };
		5589A97A22C03FC1003353C9 /* TDSwiftRoundedCornerView.swift */ = {isa = PBXFileReference; lastKnownFileType = sourcecode.swift; path = TDSwiftRoundedCornerView.swift; sourceTree = "<group>"; };
		55ABB62F22B6225800F569AF /* TDSwiftSpinner.swift */ = {isa = PBXFileReference; lastKnownFileType = sourcecode.swift; path = TDSwiftSpinner.swift; sourceTree = "<group>"; };
		55ABB63222B629E500F569AF /* TDSwiftSegmentedControl.swift */ = {isa = PBXFileReference; lastKnownFileType = sourcecode.swift; path = TDSwiftSegmentedControl.swift; sourceTree = "<group>"; };
		55ABB63422B629F900F569AF /* TDSwiftSegmentedControlConfig.swift */ = {isa = PBXFileReference; lastKnownFileType = sourcecode.swift; path = TDSwiftSegmentedControlConfig.swift; sourceTree = "<group>"; };
		55BCFB6222CCE8F30080C39E /* HMAuth.swift */ = {isa = PBXFileReference; lastKnownFileType = sourcecode.swift; path = HMAuth.swift; sourceTree = "<group>"; };
		55DF25BC22B5E457003AED00 /* TDSwiftGesture.swift */ = {isa = PBXFileReference; lastKnownFileType = sourcecode.swift; path = TDSwiftGesture.swift; sourceTree = "<group>"; };
		55EA8D4922B6EEF500A57BF1 /* HMRouteDetailView.swift */ = {isa = PBXFileReference; lastKnownFileType = sourcecode.swift; path = HMRouteDetailView.swift; sourceTree = "<group>"; };
		55EA8D4C22B6F38100A57BF1 /* HMTripDetailViewController.swift */ = {isa = PBXFileReference; lastKnownFileType = sourcecode.swift; path = HMTripDetailViewController.swift; sourceTree = "<group>"; };
		55EA8D4F22B6F77400A57BF1 /* TDSwiftMapTools.swift */ = {isa = PBXFileReference; lastKnownFileType = sourcecode.swift; path = TDSwiftMapTools.swift; sourceTree = "<group>"; };
		55EA8D5222B705D100A57BF1 /* HMEarningViewController.swift */ = {isa = PBXFileReference; lastKnownFileType = sourcecode.swift; path = HMEarningViewController.swift; sourceTree = "<group>"; };
		55EA8D5522B7062D00A57BF1 /* HMAccountViewController.swift */ = {isa = PBXFileReference; lastKnownFileType = sourcecode.swift; path = HMAccountViewController.swift; sourceTree = "<group>"; };
		55F73AD922D4CB8A00880212 /* TDSwiftDate.swift */ = {isa = PBXFileReference; lastKnownFileType = sourcecode.swift; path = TDSwiftDate.swift; sourceTree = "<group>"; };
		55F9A2A422B4B92F00788FC5 /* TDSwiftHavana.swift */ = {isa = PBXFileReference; lastKnownFileType = sourcecode.swift; path = TDSwiftHavana.swift; sourceTree = "<group>"; };
		55F9A2A722B4BC1000788FC5 /* KeychainPasswordItem.swift */ = {isa = PBXFileReference; fileEncoding = 4; lastKnownFileType = sourcecode.swift; path = KeychainPasswordItem.swift; sourceTree = "<group>"; };
		55F9A2A922B5677D00788FC5 /* DriverConn.swift */ = {isa = PBXFileReference; lastKnownFileType = sourcecode.swift; path = DriverConn.swift; sourceTree = "<group>"; };
		55F9A2AD22B58FAE00788FC5 /* TDSwiftAlert.swift */ = {isa = PBXFileReference; lastKnownFileType = sourcecode.swift; path = TDSwiftAlert.swift; sourceTree = "<group>"; };
		55F9A2B022B5926400788FC5 /* HMLoginViewController.swift */ = {isa = PBXFileReference; lastKnownFileType = sourcecode.swift; path = HMLoginViewController.swift; sourceTree = "<group>"; };
		55F9A2B322B5929600788FC5 /* HMTripListViewController.swift */ = {isa = PBXFileReference; lastKnownFileType = sourcecode.swift; path = HMTripListViewController.swift; sourceTree = "<group>"; };
		55F9A2B622B5939800788FC5 /* HMMainTabBarController.swift */ = {isa = PBXFileReference; lastKnownFileType = sourcecode.swift; path = HMMainTabBarController.swift; sourceTree = "<group>"; };
		55F9A2B822B59F3300788FC5 /* CONST.swift */ = {isa = PBXFileReference; lastKnownFileType = sourcecode.swift; path = CONST.swift; sourceTree = "<group>"; };
		55F9A2BB22B5A04400788FC5 /* TDSwiftBasicButton.swift */ = {isa = PBXFileReference; fileEncoding = 4; lastKnownFileType = sourcecode.swift; path = TDSwiftBasicButton.swift; sourceTree = "<group>"; };
		55F9A2BE22B5A09300788FC5 /* HMBasicButton.swift */ = {isa = PBXFileReference; lastKnownFileType = sourcecode.swift; path = HMBasicButton.swift; sourceTree = "<group>"; };
/* End PBXFileReference section */

/* Begin PBXFrameworksBuildPhase section */
		557B82A022B47531002D4774 /* Frameworks */ = {
			isa = PBXFrameworksBuildPhase;
			buildActionMask = 2147483647;
			files = (
			);
			runOnlyForDeploymentPostprocessing = 0;
		};
		557B82B422B47532002D4774 /* Frameworks */ = {
			isa = PBXFrameworksBuildPhase;
			buildActionMask = 2147483647;
			files = (
			);
			runOnlyForDeploymentPostprocessing = 0;
		};
		557B82BF22B47532002D4774 /* Frameworks */ = {
			isa = PBXFrameworksBuildPhase;
			buildActionMask = 2147483647;
			files = (
			);
			runOnlyForDeploymentPostprocessing = 0;
		};
/* End PBXFrameworksBuildPhase section */

/* Begin PBXGroup section */
		5504A78D22D02AAF00081C10 /* TDSwiftRouteDetailMapView */ = {
			isa = PBXGroup;
			children = (
				5504A79222D02AC900081C10 /* TDSwiftRouteDetailMapView.swift */,
				5504A79122D02AC800081C10 /* TDSwiftRouteDetailMapViewAnnotation.swift */,
				5504A79022D02AC800081C10 /* TDSwiftRouteDetailMapViewConfig.swift */,
				5504A78F22D02AC800081C10 /* TDSwiftRouteDetailMapViewInfo.swift */,
				5504A78E22D02AC800081C10 /* TDSwiftRouteDetailMapViewResult.swift */,
			);
			path = TDSwiftRouteDetailMapView;
			sourceTree = "<group>";
		};
		5504A79822D1949C00081C10 /* TDSwiftPopover */ = {
			isa = PBXGroup;
			children = (
				5504A79C22D194AF00081C10 /* TDSwiftPopover.swift */,
				5504A79B22D194AF00081C10 /* TDSwiftPopover+UIGestureRecognizer.swift */,
				5504A79A22D194AF00081C10 /* TDSwiftPopover+UITableView.swift */,
				5504A79922D194AF00081C10 /* TDSwiftPopoverItem.swift */,
			);
			path = TDSwiftPopover;
			sourceTree = "<group>";
		};
		5504A7A122D1D2D800081C10 /* Haimens */ = {
			isa = PBXGroup;
			children = (
				5504A7A622D1DD2300081C10 /* HMTripDetailPopover */,
				5504A7A322D1D9FB00081C10 /* HMThreeDotsBarButtonItem */,
				55F9A2BD22B5A07500788FC5 /* HMBasicButton */,
				5589A97622C03E13003353C9 /* HMTripDetailBGView */,
				55EA8D4822B6EEDF00A57BF1 /* HMRouteDetailView */,
			);
			path = Haimens;
			sourceTree = "<group>";
		};
		5504A7A222D1D2DF00081C10 /* TDSwift */ = {
			isa = PBXGroup;
			children = (
				55061A2422B6C05C003CDEAB /* TDSwiftRouteDetailView */,
				55061A2122B6C034003CDEAB /* TDSwiftShape */,
				55ABB63122B629CE00F569AF /* TDSwiftSegmentedControl */,
				55ABB62E22B6224800F569AF /* TDSwiftSpinner */,
				5504A79822D1949C00081C10 /* TDSwiftPopover */,
				5504A78D22D02AAF00081C10 /* TDSwiftRouteDetailMapView */,
				5589A97922C03FB9003353C9 /* TDSwiftRoundedCornerView */,
			);
			path = TDSwift;
			sourceTree = "<group>";
		};
		5504A7A322D1D9FB00081C10 /* HMThreeDotsBarButtonItem */ = {
			isa = PBXGroup;
			children = (
				5504A7A422D1DA4500081C10 /* HMThreeDotsBarButtonItem.swift */,
			);
			path = HMThreeDotsBarButtonItem;
			sourceTree = "<group>";
		};
		5504A7A622D1DD2300081C10 /* HMTripDetailPopover */ = {
			isa = PBXGroup;
			children = (
				5504A7A722D1DD3B00081C10 /* HMTripDetailPopover.swift */,
			);
			path = HMTripDetailPopover;
			sourceTree = "<group>";
		};
		5504A7D322D21CBC00081C10 /* TDSwiftHeartBeat */ = {
			isa = PBXGroup;
			children = (
				5504A7D522D21D9300081C10 /* TDSwiftHeartBeat.swift */,
				5504A7D422D21D9300081C10 /* TDSwiftHeartBeatConfig.swift */,
			);
			path = TDSwiftHeartBeat;
			sourceTree = "<group>";
		};
		5504A7DB22D2238D00081C10 /* HMHeartBeat */ = {
			isa = PBXGroup;
			children = (
				5504A7DC22D223B000081C10 /* HMHeartBeat.swift */,
			);
			path = HMHeartBeat;
			sourceTree = "<group>";
		};
		55061A2122B6C034003CDEAB /* TDSwiftShape */ = {
			isa = PBXGroup;
			children = (
				55061A2222B6C040003CDEAB /* TDSwiftShape.swift */,
			);
			path = TDSwiftShape;
			sourceTree = "<group>";
		};
		55061A2422B6C05C003CDEAB /* TDSwiftRouteDetailView */ = {
			isa = PBXGroup;
			children = (
				55061A2522B6C067003CDEAB /* TDSwiftRouteDetailView.swift */,
			);
			path = TDSwiftRouteDetailView;
			sourceTree = "<group>";
		};
		557B829A22B47531002D4774 = {
			isa = PBXGroup;
			children = (
				557B82A522B47531002D4774 /* hm-driver-ios */,
				557B82BA22B47532002D4774 /* hm-driver-iosTests */,
				557B82C522B47532002D4774 /* hm-driver-iosUITests */,
				557B82A422B47531002D4774 /* Products */,
			);
			sourceTree = "<group>";
		};
		557B82A422B47531002D4774 /* Products */ = {
			isa = PBXGroup;
			children = (
				557B82A322B47531002D4774 /* hm-driver-ios.app */,
				557B82B722B47532002D4774 /* hm-driver-iosTests.xctest */,
				557B82C222B47532002D4774 /* hm-driver-iosUITests.xctest */,
			);
			name = Products;
			sourceTree = "<group>";
		};
		557B82A522B47531002D4774 /* hm-driver-ios */ = {
			isa = PBXGroup;
			children = (
				557B82D722B4ADA9002D4774 /* Models */,
				557B82D622B4ADA0002D4774 /* Controllers */,
				557B82D922B4ADBC002D4774 /* UI */,
				557B82DE22B4B565002D4774 /* Helpers */,
				557B82D522B4AD96002D4774 /* Services */,
				5589A97022BF6836003353C9 /* Storyboards */,
				557B82D422B4AD7C002D4774 /* SupportFiles */,
			);
			path = "hm-driver-ios";
			sourceTree = "<group>";
		};
		557B82BA22B47532002D4774 /* hm-driver-iosTests */ = {
			isa = PBXGroup;
			children = (
				557B82BB22B47532002D4774 /* hm_driver_iosTests.swift */,
				557B82BD22B47532002D4774 /* Info.plist */,
			);
			path = "hm-driver-iosTests";
			sourceTree = "<group>";
		};
		557B82C522B47532002D4774 /* hm-driver-iosUITests */ = {
			isa = PBXGroup;
			children = (
				557B82C622B47532002D4774 /* hm_driver_iosUITests.swift */,
				557B82C822B47532002D4774 /* Info.plist */,
			);
			path = "hm-driver-iosUITests";
			sourceTree = "<group>";
		};
		557B82D422B4AD7C002D4774 /* SupportFiles */ = {
			isa = PBXGroup;
			children = (
				557B82A622B47531002D4774 /* AppDelegate.swift */,
				557B82B222B47532002D4774 /* Info.plist */,
				557B82AD22B47532002D4774 /* Assets.xcassets */,
				557B82DC22B4B0CA002D4774 /* ENV.swift */,
				55F9A2B822B59F3300788FC5 /* CONST.swift */,
			);
			path = SupportFiles;
			sourceTree = "<group>";
		};
		557B82D522B4AD96002D4774 /* Services */ = {
			isa = PBXGroup;
			children = (
				55F9A2A922B5677D00788FC5 /* DriverConn.swift */,
			);
			path = Services;
			sourceTree = "<group>";
		};
		557B82D622B4ADA0002D4774 /* Controllers */ = {
			isa = PBXGroup;
			children = (
				55EA8D5422B705E200A57BF1 /* HMAccount */,
				55EA8D5122B705A400A57BF1 /* HMEarning */,
				55EA8D4B22B6F36800A57BF1 /* HMTripDetail */,
				55F9A2B522B5936800788FC5 /* HMMainTabBar */,
				55F9A2B222B5927E00788FC5 /* HMTripList */,
				55F9A2AF22B5924700788FC5 /* HMLogin */,
				55F9A2AB22B5825D00788FC5 /* HMAuth */,
			);
			path = Controllers;
			sourceTree = "<group>";
		};
		557B82D722B4ADA9002D4774 /* Models */ = {
			isa = PBXGroup;
			children = (
				55BCFB6222CCE8F30080C39E /* HMAuth.swift */,
				5504A7DE22D3947A00081C10 /* HMTrip.swift */,
			);
			path = Models;
			sourceTree = "<group>";
		};
		557B82D922B4ADBC002D4774 /* UI */ = {
			isa = PBXGroup;
			children = (
				5504A7A222D1D2DF00081C10 /* TDSwift */,
				5504A7A122D1D2D800081C10 /* Haimens */,
			);
			path = UI;
			sourceTree = "<group>";
		};
		557B82DE22B4B565002D4774 /* Helpers */ = {
			isa = PBXGroup;
			children = (
				55F73ADB22D4CB8F00880212 /* TDSwiftDate */,
				5504A7DB22D2238D00081C10 /* HMHeartBeat */,
				5504A7D322D21CBC00081C10 /* TDSwiftHeartBeat */,
				55EA8D4E22B6F70E00A57BF1 /* TDSwiftMapTools */,
				55DF25BB22B5E444003AED00 /* TDSwiftGesture */,
				55F9A2AC22B58F9B00788FC5 /* TDSwiftAlert */,
				55F9A2A622B4BC0700788FC5 /* GenericKeychain */,
				55F9A2A322B4B90900788FC5 /* TDSwiftHavana */,
				557B82DF22B4B5BB002D4774 /* TDSwiftRequest */,
			);
			path = Helpers;
			sourceTree = "<group>";
		};
		557B82DF22B4B5BB002D4774 /* TDSwiftRequest */ = {
			isa = PBXGroup;
			children = (
				557B82E022B4B5DC002D4774 /* TDSwiftRequest.swift */,
				557B82E122B4B5DC002D4774 /* TDSwiftRequestError.swift */,
			);
			path = TDSwiftRequest;
			sourceTree = "<group>";
		};
		5589A97022BF6836003353C9 /* Storyboards */ = {
			isa = PBXGroup;
			children = (
				557B82AA22B47531002D4774 /* Main.storyboard */,
				557B82AF22B47532002D4774 /* LaunchScreen.storyboard */,
			);
			path = Storyboards;
			sourceTree = "<group>";
		};
		5589A97622C03E13003353C9 /* HMTripDetailBGView */ = {
			isa = PBXGroup;
			children = (
				5589A97722C03E23003353C9 /* HMTripDetailBGView.swift */,
			);
			path = HMTripDetailBGView;
			sourceTree = "<group>";
		};
		5589A97922C03FB9003353C9 /* TDSwiftRoundedCornerView */ = {
			isa = PBXGroup;
			children = (
				5589A97A22C03FC1003353C9 /* TDSwiftRoundedCornerView.swift */,
			);
			path = TDSwiftRoundedCornerView;
			sourceTree = "<group>";
		};
		55ABB62E22B6224800F569AF /* TDSwiftSpinner */ = {
			isa = PBXGroup;
			children = (
				55ABB62F22B6225800F569AF /* TDSwiftSpinner.swift */,
			);
			path = TDSwiftSpinner;
			sourceTree = "<group>";
		};
		55ABB63122B629CE00F569AF /* TDSwiftSegmentedControl */ = {
			isa = PBXGroup;
			children = (
				55ABB63222B629E500F569AF /* TDSwiftSegmentedControl.swift */,
				55ABB63422B629F900F569AF /* TDSwiftSegmentedControlConfig.swift */,
			);
			path = TDSwiftSegmentedControl;
			sourceTree = "<group>";
		};
		55DF25BB22B5E444003AED00 /* TDSwiftGesture */ = {
			isa = PBXGroup;
			children = (
				55DF25BC22B5E457003AED00 /* TDSwiftGesture.swift */,
			);
			path = TDSwiftGesture;
			sourceTree = "<group>";
		};
		55EA8D4822B6EEDF00A57BF1 /* HMRouteDetailView */ = {
			isa = PBXGroup;
			children = (
				55EA8D4922B6EEF500A57BF1 /* HMRouteDetailView.swift */,
			);
			path = HMRouteDetailView;
			sourceTree = "<group>";
		};
		55EA8D4B22B6F36800A57BF1 /* HMTripDetail */ = {
			isa = PBXGroup;
			children = (
				55EA8D4C22B6F38100A57BF1 /* HMTripDetailViewController.swift */,
			);
			path = HMTripDetail;
			sourceTree = "<group>";
		};
		55EA8D4E22B6F70E00A57BF1 /* TDSwiftMapTools */ = {
			isa = PBXGroup;
			children = (
				55EA8D4F22B6F77400A57BF1 /* TDSwiftMapTools.swift */,
			);
			path = TDSwiftMapTools;
			sourceTree = "<group>";
		};
		55EA8D5122B705A400A57BF1 /* HMEarning */ = {
			isa = PBXGroup;
			children = (
				55EA8D5222B705D100A57BF1 /* HMEarningViewController.swift */,
				5589A97222BF6B08003353C9 /* HMEarningWageTableViewCell.swift */,
				5589A97422BF6B35003353C9 /* HMEarningSalaryTableViewCell.swift */,
			);
			path = HMEarning;
			sourceTree = "<group>";
		};
		55EA8D5422B705E200A57BF1 /* HMAccount */ = {
			isa = PBXGroup;
			children = (
				55EA8D5522B7062D00A57BF1 /* HMAccountViewController.swift */,
			);
			path = HMAccount;
			sourceTree = "<group>";
		};
		55F73ADB22D4CB8F00880212 /* TDSwiftDate */ = {
			isa = PBXGroup;
			children = (
				55F73AD922D4CB8A00880212 /* TDSwiftDate.swift */,
			);
			path = TDSwiftDate;
			sourceTree = "<group>";
		};
		55F9A2A322B4B90900788FC5 /* TDSwiftHavana */ = {
			isa = PBXGroup;
			children = (
				55F9A2A422B4B92F00788FC5 /* TDSwiftHavana.swift */,
			);
			path = TDSwiftHavana;
			sourceTree = "<group>";
		};
		55F9A2A622B4BC0700788FC5 /* GenericKeychain */ = {
			isa = PBXGroup;
			children = (
				55F9A2A722B4BC1000788FC5 /* KeychainPasswordItem.swift */,
			);
			path = GenericKeychain;
			sourceTree = "<group>";
		};
		55F9A2AB22B5825D00788FC5 /* HMAuth */ = {
			isa = PBXGroup;
			children = (
				557B82A822B47531002D4774 /* HMAuthViewController.swift */,
			);
			path = HMAuth;
			sourceTree = "<group>";
		};
		55F9A2AC22B58F9B00788FC5 /* TDSwiftAlert */ = {
			isa = PBXGroup;
			children = (
				55F9A2AD22B58FAE00788FC5 /* TDSwiftAlert.swift */,
			);
			path = TDSwiftAlert;
			sourceTree = "<group>";
		};
		55F9A2AF22B5924700788FC5 /* HMLogin */ = {
			isa = PBXGroup;
			children = (
				55F9A2B022B5926400788FC5 /* HMLoginViewController.swift */,
			);
			path = HMLogin;
			sourceTree = "<group>";
		};
		55F9A2B222B5927E00788FC5 /* HMTripList */ = {
			isa = PBXGroup;
			children = (
				55F9A2B322B5929600788FC5 /* HMTripListViewController.swift */,
				55061A1F22B6BD54003CDEAB /* HMTripListTableViewCell.swift */,
			);
			path = HMTripList;
			sourceTree = "<group>";
		};
		55F9A2B522B5936800788FC5 /* HMMainTabBar */ = {
			isa = PBXGroup;
			children = (
				55F9A2B622B5939800788FC5 /* HMMainTabBarController.swift */,
			);
			path = HMMainTabBar;
			sourceTree = "<group>";
		};
		55F9A2BA22B5A03200788FC5 /* TDSwiftBasicButton */ = {
			isa = PBXGroup;
			children = (
				55F9A2BB22B5A04400788FC5 /* TDSwiftBasicButton.swift */,
			);
			path = TDSwiftBasicButton;
			sourceTree = "<group>";
		};
		55F9A2BD22B5A07500788FC5 /* HMBasicButton */ = {
			isa = PBXGroup;
			children = (
				55F9A2BA22B5A03200788FC5 /* TDSwiftBasicButton */,
				55F9A2BE22B5A09300788FC5 /* HMBasicButton.swift */,
			);
			path = HMBasicButton;
			sourceTree = "<group>";
		};
/* End PBXGroup section */

/* Begin PBXNativeTarget section */
		557B82A222B47531002D4774 /* hm-driver-ios */ = {
			isa = PBXNativeTarget;
			buildConfigurationList = 557B82CB22B47532002D4774 /* Build configuration list for PBXNativeTarget "hm-driver-ios" */;
			buildPhases = (
				557B829F22B47531002D4774 /* Sources */,
				557B82A022B47531002D4774 /* Frameworks */,
				557B82A122B47531002D4774 /* Resources */,
			);
			buildRules = (
			);
			dependencies = (
			);
			name = "hm-driver-ios";
			productName = "hm-driver-ios";
			productReference = 557B82A322B47531002D4774 /* hm-driver-ios.app */;
			productType = "com.apple.product-type.application";
		};
		557B82B622B47532002D4774 /* hm-driver-iosTests */ = {
			isa = PBXNativeTarget;
			buildConfigurationList = 557B82CE22B47532002D4774 /* Build configuration list for PBXNativeTarget "hm-driver-iosTests" */;
			buildPhases = (
				557B82B322B47532002D4774 /* Sources */,
				557B82B422B47532002D4774 /* Frameworks */,
				557B82B522B47532002D4774 /* Resources */,
			);
			buildRules = (
			);
			dependencies = (
				557B82B922B47532002D4774 /* PBXTargetDependency */,
			);
			name = "hm-driver-iosTests";
			productName = "hm-driver-iosTests";
			productReference = 557B82B722B47532002D4774 /* hm-driver-iosTests.xctest */;
			productType = "com.apple.product-type.bundle.unit-test";
		};
		557B82C122B47532002D4774 /* hm-driver-iosUITests */ = {
			isa = PBXNativeTarget;
			buildConfigurationList = 557B82D122B47532002D4774 /* Build configuration list for PBXNativeTarget "hm-driver-iosUITests" */;
			buildPhases = (
				557B82BE22B47532002D4774 /* Sources */,
				557B82BF22B47532002D4774 /* Frameworks */,
				557B82C022B47532002D4774 /* Resources */,
			);
			buildRules = (
			);
			dependencies = (
				557B82C422B47532002D4774 /* PBXTargetDependency */,
			);
			name = "hm-driver-iosUITests";
			productName = "hm-driver-iosUITests";
			productReference = 557B82C222B47532002D4774 /* hm-driver-iosUITests.xctest */;
			productType = "com.apple.product-type.bundle.ui-testing";
		};
/* End PBXNativeTarget section */

/* Begin PBXProject section */
		557B829B22B47531002D4774 /* Project object */ = {
			isa = PBXProject;
			attributes = {
				LastSwiftUpdateCheck = 1020;
				LastUpgradeCheck = 1020;
				ORGANIZATIONNAME = haimens;
				TargetAttributes = {
					557B82A222B47531002D4774 = {
						CreatedOnToolsVersion = 10.2.1;
					};
					557B82B622B47532002D4774 = {
						CreatedOnToolsVersion = 10.2.1;
						TestTargetID = 557B82A222B47531002D4774;
					};
					557B82C122B47532002D4774 = {
						CreatedOnToolsVersion = 10.2.1;
						TestTargetID = 557B82A222B47531002D4774;
					};
				};
			};
			buildConfigurationList = 557B829E22B47531002D4774 /* Build configuration list for PBXProject "hm-driver-ios" */;
			compatibilityVersion = "Xcode 9.3";
			developmentRegion = en;
			hasScannedForEncodings = 0;
			knownRegions = (
				en,
				Base,
			);
			mainGroup = 557B829A22B47531002D4774;
			productRefGroup = 557B82A422B47531002D4774 /* Products */;
			projectDirPath = "";
			projectRoot = "";
			targets = (
				557B82A222B47531002D4774 /* hm-driver-ios */,
				557B82B622B47532002D4774 /* hm-driver-iosTests */,
				557B82C122B47532002D4774 /* hm-driver-iosUITests */,
			);
		};
/* End PBXProject section */

/* Begin PBXResourcesBuildPhase section */
		557B82A122B47531002D4774 /* Resources */ = {
			isa = PBXResourcesBuildPhase;
			buildActionMask = 2147483647;
			files = (
				557B82B122B47532002D4774 /* LaunchScreen.storyboard in Resources */,
				557B82AE22B47532002D4774 /* Assets.xcassets in Resources */,
				557B82AC22B47531002D4774 /* Main.storyboard in Resources */,
			);
			runOnlyForDeploymentPostprocessing = 0;
		};
		557B82B522B47532002D4774 /* Resources */ = {
			isa = PBXResourcesBuildPhase;
			buildActionMask = 2147483647;
			files = (
			);
			runOnlyForDeploymentPostprocessing = 0;
		};
		557B82C022B47532002D4774 /* Resources */ = {
			isa = PBXResourcesBuildPhase;
			buildActionMask = 2147483647;
			files = (
			);
			runOnlyForDeploymentPostprocessing = 0;
		};
/* End PBXResourcesBuildPhase section */

/* Begin PBXSourcesBuildPhase section */
		557B829F22B47531002D4774 /* Sources */ = {
			isa = PBXSourcesBuildPhase;
			buildActionMask = 2147483647;
			files = (
				55EA8D5022B6F77400A57BF1 /* TDSwiftMapTools.swift in Sources */,
				55F9A2A522B4B92F00788FC5 /* TDSwiftHavana.swift in Sources */,
				55F9A2BF22B5A09300788FC5 /* HMBasicButton.swift in Sources */,
				5504A79F22D194AF00081C10 /* TDSwiftPopover+UIGestureRecognizer.swift in Sources */,
				55EA8D4D22B6F38100A57BF1 /* HMTripDetailViewController.swift in Sources */,
				5504A79522D02AC900081C10 /* TDSwiftRouteDetailMapViewConfig.swift in Sources */,
				5504A7D622D21D9300081C10 /* TDSwiftHeartBeatConfig.swift in Sources */,
				55F9A2B722B5939800788FC5 /* HMMainTabBarController.swift in Sources */,
				5504A7A022D194AF00081C10 /* TDSwiftPopover.swift in Sources */,
				55DF25BD22B5E457003AED00 /* TDSwiftGesture.swift in Sources */,
				5504A79422D02AC900081C10 /* TDSwiftRouteDetailMapViewInfo.swift in Sources */,
				55EA8D4A22B6EEF500A57BF1 /* HMRouteDetailView.swift in Sources */,
				557B82A922B47531002D4774 /* HMAuthViewController.swift in Sources */,
				5504A7A522D1DA4500081C10 /* HMThreeDotsBarButtonItem.swift in Sources */,
				55F9A2B922B59F3300788FC5 /* CONST.swift in Sources */,
				55F73ADA22D4CB8A00880212 /* TDSwiftDate.swift in Sources */,
				55ABB63322B629E500F569AF /* TDSwiftSegmentedControl.swift in Sources */,
				5504A79E22D194AF00081C10 /* TDSwiftPopover+UITableView.swift in Sources */,
				55EA8D5322B705D100A57BF1 /* HMEarningViewController.swift in Sources */,
				557B82E222B4B5DC002D4774 /* TDSwiftRequest.swift in Sources */,
				55061A2322B6C040003CDEAB /* TDSwiftShape.swift in Sources */,
				55F9A2A822B4BC1000788FC5 /* KeychainPasswordItem.swift in Sources */,
				55BCFB6322CCE8F30080C39E /* HMAuth.swift in Sources */,
				55F9A2AE22B58FAE00788FC5 /* TDSwiftAlert.swift in Sources */,
				5589A97B22C03FC1003353C9 /* TDSwiftRoundedCornerView.swift in Sources */,
				55ABB63522B629F900F569AF /* TDSwiftSegmentedControlConfig.swift in Sources */,
				55061A2022B6BD54003CDEAB /* HMTripListTableViewCell.swift in Sources */,
				55EA8D5622B7062D00A57BF1 /* HMAccountViewController.swift in Sources */,
				5504A7A822D1DD3B00081C10 /* HMTripDetailPopover.swift in Sources */,
				557B82DD22B4B0CA002D4774 /* ENV.swift in Sources */,
				55F9A2AA22B5677D00788FC5 /* DriverConn.swift in Sources */,
				5589A97822C03E23003353C9 /* HMTripDetailBGView.swift in Sources */,
				5504A79722D02AC900081C10 /* TDSwiftRouteDetailMapView.swift in Sources */,
				5504A79D22D194AF00081C10 /* TDSwiftPopoverItem.swift in Sources */,
				5589A97522BF6B35003353C9 /* HMEarningSalaryTableViewCell.swift in Sources */,
				557B82A722B47531002D4774 /* AppDelegate.swift in Sources */,
				5504A7DD22D223B000081C10 /* HMHeartBeat.swift in Sources */,
				5504A7DF22D3947A00081C10 /* HMTrip.swift in Sources */,
				557B82E322B4B5DC002D4774 /* TDSwiftRequestError.swift in Sources */,
				55F9A2B122B5926400788FC5 /* HMLoginViewController.swift in Sources */,
				5504A79322D02AC900081C10 /* TDSwiftRouteDetailMapViewResult.swift in Sources */,
				55F9A2BC22B5A04400788FC5 /* TDSwiftBasicButton.swift in Sources */,
				5504A79622D02AC900081C10 /* TDSwiftRouteDetailMapViewAnnotation.swift in Sources */,
				5504A7D722D21D9300081C10 /* TDSwiftHeartBeat.swift in Sources */,
				55061A2622B6C067003CDEAB /* TDSwiftRouteDetailView.swift in Sources */,
				55F9A2B422B5929600788FC5 /* HMTripListViewController.swift in Sources */,
				5589A97322BF6B08003353C9 /* HMEarningWageTableViewCell.swift in Sources */,
				55ABB63022B6225800F569AF /* TDSwiftSpinner.swift in Sources */,
			);
			runOnlyForDeploymentPostprocessing = 0;
		};
		557B82B322B47532002D4774 /* Sources */ = {
			isa = PBXSourcesBuildPhase;
			buildActionMask = 2147483647;
			files = (
				557B82BC22B47532002D4774 /* hm_driver_iosTests.swift in Sources */,
			);
			runOnlyForDeploymentPostprocessing = 0;
		};
		557B82BE22B47532002D4774 /* Sources */ = {
			isa = PBXSourcesBuildPhase;
			buildActionMask = 2147483647;
			files = (
				557B82C722B47532002D4774 /* hm_driver_iosUITests.swift in Sources */,
			);
			runOnlyForDeploymentPostprocessing = 0;
		};
/* End PBXSourcesBuildPhase section */

/* Begin PBXTargetDependency section */
		557B82B922B47532002D4774 /* PBXTargetDependency */ = {
			isa = PBXTargetDependency;
			target = 557B82A222B47531002D4774 /* hm-driver-ios */;
			targetProxy = 557B82B822B47532002D4774 /* PBXContainerItemProxy */;
		};
		557B82C422B47532002D4774 /* PBXTargetDependency */ = {
			isa = PBXTargetDependency;
			target = 557B82A222B47531002D4774 /* hm-driver-ios */;
			targetProxy = 557B82C322B47532002D4774 /* PBXContainerItemProxy */;
		};
/* End PBXTargetDependency section */

/* Begin PBXVariantGroup section */
		557B82AA22B47531002D4774 /* Main.storyboard */ = {
			isa = PBXVariantGroup;
			children = (
				557B82AB22B47531002D4774 /* Base */,
			);
			name = Main.storyboard;
			sourceTree = "<group>";
		};
		557B82AF22B47532002D4774 /* LaunchScreen.storyboard */ = {
			isa = PBXVariantGroup;
			children = (
				557B82B022B47532002D4774 /* Base */,
			);
			name = LaunchScreen.storyboard;
			sourceTree = "<group>";
		};
/* End PBXVariantGroup section */

/* Begin XCBuildConfiguration section */
		557B82C922B47532002D4774 /* Debug */ = {
			isa = XCBuildConfiguration;
			buildSettings = {
				ALWAYS_SEARCH_USER_PATHS = NO;
				CLANG_ANALYZER_NONNULL = YES;
				CLANG_ANALYZER_NUMBER_OBJECT_CONVERSION = YES_AGGRESSIVE;
				CLANG_CXX_LANGUAGE_STANDARD = "gnu++14";
				CLANG_CXX_LIBRARY = "libc++";
				CLANG_ENABLE_MODULES = YES;
				CLANG_ENABLE_OBJC_ARC = YES;
				CLANG_ENABLE_OBJC_WEAK = YES;
				CLANG_WARN_BLOCK_CAPTURE_AUTORELEASING = YES;
				CLANG_WARN_BOOL_CONVERSION = YES;
				CLANG_WARN_COMMA = YES;
				CLANG_WARN_CONSTANT_CONVERSION = YES;
				CLANG_WARN_DEPRECATED_OBJC_IMPLEMENTATIONS = YES;
				CLANG_WARN_DIRECT_OBJC_ISA_USAGE = YES_ERROR;
				CLANG_WARN_DOCUMENTATION_COMMENTS = YES;
				CLANG_WARN_EMPTY_BODY = YES;
				CLANG_WARN_ENUM_CONVERSION = YES;
				CLANG_WARN_INFINITE_RECURSION = YES;
				CLANG_WARN_INT_CONVERSION = YES;
				CLANG_WARN_NON_LITERAL_NULL_CONVERSION = YES;
				CLANG_WARN_OBJC_IMPLICIT_RETAIN_SELF = YES;
				CLANG_WARN_OBJC_LITERAL_CONVERSION = YES;
				CLANG_WARN_OBJC_ROOT_CLASS = YES_ERROR;
				CLANG_WARN_RANGE_LOOP_ANALYSIS = YES;
				CLANG_WARN_STRICT_PROTOTYPES = YES;
				CLANG_WARN_SUSPICIOUS_MOVE = YES;
				CLANG_WARN_UNGUARDED_AVAILABILITY = YES_AGGRESSIVE;
				CLANG_WARN_UNREACHABLE_CODE = YES;
				CLANG_WARN__DUPLICATE_METHOD_MATCH = YES;
				CODE_SIGN_IDENTITY = "iPhone Developer";
				COPY_PHASE_STRIP = NO;
				DEBUG_INFORMATION_FORMAT = dwarf;
				ENABLE_STRICT_OBJC_MSGSEND = YES;
				ENABLE_TESTABILITY = YES;
				GCC_C_LANGUAGE_STANDARD = gnu11;
				GCC_DYNAMIC_NO_PIC = NO;
				GCC_NO_COMMON_BLOCKS = YES;
				GCC_OPTIMIZATION_LEVEL = 0;
				GCC_PREPROCESSOR_DEFINITIONS = (
					"DEBUG=1",
					"$(inherited)",
				);
				GCC_WARN_64_TO_32_BIT_CONVERSION = YES;
				GCC_WARN_ABOUT_RETURN_TYPE = YES_ERROR;
				GCC_WARN_UNDECLARED_SELECTOR = YES;
				GCC_WARN_UNINITIALIZED_AUTOS = YES_AGGRESSIVE;
				GCC_WARN_UNUSED_FUNCTION = YES;
				GCC_WARN_UNUSED_VARIABLE = YES;
				IPHONEOS_DEPLOYMENT_TARGET = 11.0;
				MTL_ENABLE_DEBUG_INFO = INCLUDE_SOURCE;
				MTL_FAST_MATH = YES;
				ONLY_ACTIVE_ARCH = YES;
				SDKROOT = iphoneos;
				SWIFT_ACTIVE_COMPILATION_CONDITIONS = DEBUG;
				SWIFT_OPTIMIZATION_LEVEL = "-Onone";
			};
			name = Debug;
		};
		557B82CA22B47532002D4774 /* Release */ = {
			isa = XCBuildConfiguration;
			buildSettings = {
				ALWAYS_SEARCH_USER_PATHS = NO;
				CLANG_ANALYZER_NONNULL = YES;
				CLANG_ANALYZER_NUMBER_OBJECT_CONVERSION = YES_AGGRESSIVE;
				CLANG_CXX_LANGUAGE_STANDARD = "gnu++14";
				CLANG_CXX_LIBRARY = "libc++";
				CLANG_ENABLE_MODULES = YES;
				CLANG_ENABLE_OBJC_ARC = YES;
				CLANG_ENABLE_OBJC_WEAK = YES;
				CLANG_WARN_BLOCK_CAPTURE_AUTORELEASING = YES;
				CLANG_WARN_BOOL_CONVERSION = YES;
				CLANG_WARN_COMMA = YES;
				CLANG_WARN_CONSTANT_CONVERSION = YES;
				CLANG_WARN_DEPRECATED_OBJC_IMPLEMENTATIONS = YES;
				CLANG_WARN_DIRECT_OBJC_ISA_USAGE = YES_ERROR;
				CLANG_WARN_DOCUMENTATION_COMMENTS = YES;
				CLANG_WARN_EMPTY_BODY = YES;
				CLANG_WARN_ENUM_CONVERSION = YES;
				CLANG_WARN_INFINITE_RECURSION = YES;
				CLANG_WARN_INT_CONVERSION = YES;
				CLANG_WARN_NON_LITERAL_NULL_CONVERSION = YES;
				CLANG_WARN_OBJC_IMPLICIT_RETAIN_SELF = YES;
				CLANG_WARN_OBJC_LITERAL_CONVERSION = YES;
				CLANG_WARN_OBJC_ROOT_CLASS = YES_ERROR;
				CLANG_WARN_RANGE_LOOP_ANALYSIS = YES;
				CLANG_WARN_STRICT_PROTOTYPES = YES;
				CLANG_WARN_SUSPICIOUS_MOVE = YES;
				CLANG_WARN_UNGUARDED_AVAILABILITY = YES_AGGRESSIVE;
				CLANG_WARN_UNREACHABLE_CODE = YES;
				CLANG_WARN__DUPLICATE_METHOD_MATCH = YES;
				CODE_SIGN_IDENTITY = "iPhone Developer";
				COPY_PHASE_STRIP = NO;
				DEBUG_INFORMATION_FORMAT = "dwarf-with-dsym";
				ENABLE_NS_ASSERTIONS = NO;
				ENABLE_STRICT_OBJC_MSGSEND = YES;
				GCC_C_LANGUAGE_STANDARD = gnu11;
				GCC_NO_COMMON_BLOCKS = YES;
				GCC_WARN_64_TO_32_BIT_CONVERSION = YES;
				GCC_WARN_ABOUT_RETURN_TYPE = YES_ERROR;
				GCC_WARN_UNDECLARED_SELECTOR = YES;
				GCC_WARN_UNINITIALIZED_AUTOS = YES_AGGRESSIVE;
				GCC_WARN_UNUSED_FUNCTION = YES;
				GCC_WARN_UNUSED_VARIABLE = YES;
				IPHONEOS_DEPLOYMENT_TARGET = 11.0;
				MTL_ENABLE_DEBUG_INFO = NO;
				MTL_FAST_MATH = YES;
				SDKROOT = iphoneos;
				SWIFT_COMPILATION_MODE = wholemodule;
				SWIFT_OPTIMIZATION_LEVEL = "-O";
				VALIDATE_PRODUCT = YES;
			};
			name = Release;
		};
		557B82CC22B47532002D4774 /* Debug */ = {
			isa = XCBuildConfiguration;
			buildSettings = {
				ASSETCATALOG_COMPILER_APPICON_NAME = AppIcon;
				CODE_SIGN_STYLE = Automatic;
				DEVELOPMENT_TEAM = E727FEDX2F;
				INFOPLIST_FILE = "$(SRCROOT)/hm-driver-ios/SupportFiles/Info.plist";
				LD_RUNPATH_SEARCH_PATHS = (
					"$(inherited)",
					"@executable_path/Frameworks",
				);
				PRODUCT_BUNDLE_IDENTIFIER = "haimens.hm-driver-ios";
				PRODUCT_NAME = "$(TARGET_NAME)";
				SWIFT_VERSION = 5.0;
				TARGETED_DEVICE_FAMILY = 1;
			};
			name = Debug;
		};
		557B82CD22B47532002D4774 /* Release */ = {
			isa = XCBuildConfiguration;
			buildSettings = {
				ASSETCATALOG_COMPILER_APPICON_NAME = AppIcon;
				CODE_SIGN_STYLE = Automatic;
				DEVELOPMENT_TEAM = E727FEDX2F;
				INFOPLIST_FILE = "$(SRCROOT)/hm-driver-ios/SupportFiles/Info.plist";
				LD_RUNPATH_SEARCH_PATHS = (
					"$(inherited)",
					"@executable_path/Frameworks",
				);
				PRODUCT_BUNDLE_IDENTIFIER = "haimens.hm-driver-ios";
				PRODUCT_NAME = "$(TARGET_NAME)";
				SWIFT_VERSION = 5.0;
				TARGETED_DEVICE_FAMILY = 1;
			};
			name = Release;
		};
		557B82CF22B47532002D4774 /* Debug */ = {
			isa = XCBuildConfiguration;
			buildSettings = {
				ALWAYS_EMBED_SWIFT_STANDARD_LIBRARIES = YES;
				BUNDLE_LOADER = "$(TEST_HOST)";
				CODE_SIGN_STYLE = Automatic;
				INFOPLIST_FILE = "hm-driver-iosTests/Info.plist";
				LD_RUNPATH_SEARCH_PATHS = (
					"$(inherited)",
					"@executable_path/Frameworks",
					"@loader_path/Frameworks",
				);
				PRODUCT_BUNDLE_IDENTIFIER = "haimens.hm-driver-iosTests";
				PRODUCT_NAME = "$(TARGET_NAME)";
				SWIFT_VERSION = 5.0;
				TARGETED_DEVICE_FAMILY = "1,2";
				TEST_HOST = "$(BUILT_PRODUCTS_DIR)/hm-driver-ios.app/hm-driver-ios";
			};
			name = Debug;
		};
		557B82D022B47532002D4774 /* Release */ = {
			isa = XCBuildConfiguration;
			buildSettings = {
				ALWAYS_EMBED_SWIFT_STANDARD_LIBRARIES = YES;
				BUNDLE_LOADER = "$(TEST_HOST)";
				CODE_SIGN_STYLE = Automatic;
				INFOPLIST_FILE = "hm-driver-iosTests/Info.plist";
				LD_RUNPATH_SEARCH_PATHS = (
					"$(inherited)",
					"@executable_path/Frameworks",
					"@loader_path/Frameworks",
				);
				PRODUCT_BUNDLE_IDENTIFIER = "haimens.hm-driver-iosTests";
				PRODUCT_NAME = "$(TARGET_NAME)";
				SWIFT_VERSION = 5.0;
				TARGETED_DEVICE_FAMILY = "1,2";
				TEST_HOST = "$(BUILT_PRODUCTS_DIR)/hm-driver-ios.app/hm-driver-ios";
			};
			name = Release;
		};
		557B82D222B47532002D4774 /* Debug */ = {
			isa = XCBuildConfiguration;
			buildSettings = {
				ALWAYS_EMBED_SWIFT_STANDARD_LIBRARIES = YES;
				CODE_SIGN_STYLE = Automatic;
				INFOPLIST_FILE = "hm-driver-iosUITests/Info.plist";
				LD_RUNPATH_SEARCH_PATHS = (
					"$(inherited)",
					"@executable_path/Frameworks",
					"@loader_path/Frameworks",
				);
				PRODUCT_BUNDLE_IDENTIFIER = "haimens.hm-driver-iosUITests";
				PRODUCT_NAME = "$(TARGET_NAME)";
				SWIFT_VERSION = 5.0;
				TARGETED_DEVICE_FAMILY = "1,2";
				TEST_TARGET_NAME = "hm-driver-ios";
			};
			name = Debug;
		};
		557B82D322B47532002D4774 /* Release */ = {
			isa = XCBuildConfiguration;
			buildSettings = {
				ALWAYS_EMBED_SWIFT_STANDARD_LIBRARIES = YES;
				CODE_SIGN_STYLE = Automatic;
				INFOPLIST_FILE = "hm-driver-iosUITests/Info.plist";
				LD_RUNPATH_SEARCH_PATHS = (
					"$(inherited)",
					"@executable_path/Frameworks",
					"@loader_path/Frameworks",
				);
				PRODUCT_BUNDLE_IDENTIFIER = "haimens.hm-driver-iosUITests";
				PRODUCT_NAME = "$(TARGET_NAME)";
				SWIFT_VERSION = 5.0;
				TARGETED_DEVICE_FAMILY = "1,2";
				TEST_TARGET_NAME = "hm-driver-ios";
			};
			name = Release;
		};
/* End XCBuildConfiguration section */

/* Begin XCConfigurationList section */
		557B829E22B47531002D4774 /* Build configuration list for PBXProject "hm-driver-ios" */ = {
			isa = XCConfigurationList;
			buildConfigurations = (
				557B82C922B47532002D4774 /* Debug */,
				557B82CA22B47532002D4774 /* Release */,
			);
			defaultConfigurationIsVisible = 0;
			defaultConfigurationName = Release;
		};
		557B82CB22B47532002D4774 /* Build configuration list for PBXNativeTarget "hm-driver-ios" */ = {
			isa = XCConfigurationList;
			buildConfigurations = (
				557B82CC22B47532002D4774 /* Debug */,
				557B82CD22B47532002D4774 /* Release */,
			);
			defaultConfigurationIsVisible = 0;
			defaultConfigurationName = Release;
		};
		557B82CE22B47532002D4774 /* Build configuration list for PBXNativeTarget "hm-driver-iosTests" */ = {
			isa = XCConfigurationList;
			buildConfigurations = (
				557B82CF22B47532002D4774 /* Debug */,
				557B82D022B47532002D4774 /* Release */,
			);
			defaultConfigurationIsVisible = 0;
			defaultConfigurationName = Release;
		};
		557B82D122B47532002D4774 /* Build configuration list for PBXNativeTarget "hm-driver-iosUITests" */ = {
			isa = XCConfigurationList;
			buildConfigurations = (
				557B82D222B47532002D4774 /* Debug */,
				557B82D322B47532002D4774 /* Release */,
			);
			defaultConfigurationIsVisible = 0;
			defaultConfigurationName = Release;
		};
/* End XCConfigurationList section */
	};
	rootObject = 557B829B22B47531002D4774 /* Project object */;
}
