// !$*UTF8*$!
{
	archiveVersion = 1;
	classes = {
	};
	objectVersion = 51;
	objects = {

/* Begin PBXBuildFile section */
		01BF216CECE8C80FB39AA68F /* Pods_hm_driver_ios.framework in Frameworks */ = {isa = PBXBuildFile; fileRef = 6BEB7107D3F564C36D11E300 /* Pods_hm_driver_ios.framework */; };
		0766753410A8ECB68A09EED2 /* Pods_hm_driver_iosUITests.framework in Frameworks */ = {isa = PBXBuildFile; fileRef = 944433BD704B14DE511D6B24 /* Pods_hm_driver_iosUITests.framework */; };
		55005C2222E012AA00C66DA9 /* HMCustomerMessagingViewController.swift in Sources */ = {isa = PBXBuildFile; fileRef = 55005C2122E012AA00C66DA9 /* HMCustomerMessagingViewController.swift */; };
		5504A79322D02AC900081C10 /* TDSwiftRouteDetailMapViewResult.swift in Sources */ = {isa = PBXBuildFile; fileRef = 5504A78E22D02AC800081C10 /* TDSwiftRouteDetailMapViewResult.swift */; };
		5504A79422D02AC900081C10 /* TDSwiftRouteDetailMapViewInfo.swift in Sources */ = {isa = PBXBuildFile; fileRef = 5504A78F22D02AC800081C10 /* TDSwiftRouteDetailMapViewInfo.swift */; };
		5504A79522D02AC900081C10 /* TDSwiftRouteDetailMapViewConfig.swift in Sources */ = {isa = PBXBuildFile; fileRef = 5504A79022D02AC800081C10 /* TDSwiftRouteDetailMapViewConfig.swift */; };
		5504A79622D02AC900081C10 /* TDSwiftRouteDetailMapViewAnnotation.swift in Sources */ = {isa = PBXBuildFile; fileRef = 5504A79122D02AC800081C10 /* TDSwiftRouteDetailMapViewAnnotation.swift */; };
		5504A79722D02AC900081C10 /* TDSwiftRouteDetailMapView.swift in Sources */ = {isa = PBXBuildFile; fileRef = 5504A79222D02AC900081C10 /* TDSwiftRouteDetailMapView.swift */; };
		5504A79D22D194AF00081C10 /* TDSwiftPopoverItem.swift in Sources */ = {isa = PBXBuildFile; fileRef = 5504A79922D194AF00081C10 /* TDSwiftPopoverItem.swift */; };
		5504A79E22D194AF00081C10 /* TDSwiftPopover+UITableView.swift in Sources */ = {isa = PBXBuildFile; fileRef = 5504A79A22D194AF00081C10 /* TDSwiftPopover+UITableView.swift */; };
		5504A79F22D194AF00081C10 /* TDSwiftPopover+UIGestureRecognizer.swift in Sources */ = {isa = PBXBuildFile; fileRef = 5504A79B22D194AF00081C10 /* TDSwiftPopover+UIGestureRecognizer.swift */; };
		5504A7A022D194AF00081C10 /* TDSwiftPopover.swift in Sources */ = {isa = PBXBuildFile; fileRef = 5504A79C22D194AF00081C10 /* TDSwiftPopover.swift */; };
		5504A7A522D1DA4500081C10 /* HMThreeDotsBarButtonItem.swift in Sources */ = {isa = PBXBuildFile; fileRef = 5504A7A422D1DA4500081C10 /* HMThreeDotsBarButtonItem.swift */; };
		5504A7A822D1DD3B00081C10 /* HMTripDetailPopover.swift in Sources */ = {isa = PBXBuildFile; fileRef = 5504A7A722D1DD3B00081C10 /* HMTripDetailPopover.swift */; };
		5504A7D622D21D9300081C10 /* TDSwiftHeartBeatConfig.swift in Sources */ = {isa = PBXBuildFile; fileRef = 5504A7D422D21D9300081C10 /* TDSwiftHeartBeatConfig.swift */; };
		5504A7D722D21D9300081C10 /* TDSwiftHeartBeat.swift in Sources */ = {isa = PBXBuildFile; fileRef = 5504A7D522D21D9300081C10 /* TDSwiftHeartBeat.swift */; };
		5504A7DD22D223B000081C10 /* HMHeartBeat.swift in Sources */ = {isa = PBXBuildFile; fileRef = 5504A7DC22D223B000081C10 /* HMHeartBeat.swift */; };
		5504A7DF22D3947A00081C10 /* HMTrip.swift in Sources */ = {isa = PBXBuildFile; fileRef = 5504A7DE22D3947A00081C10 /* HMTrip.swift */; };
		55061A2022B6BD54003CDEAB /* HMTripListTableViewCell.swift in Sources */ = {isa = PBXBuildFile; fileRef = 55061A1F22B6BD54003CDEAB /* HMTripListTableViewCell.swift */; };
		55061A2322B6C040003CDEAB /* TDSwiftShape.swift in Sources */ = {isa = PBXBuildFile; fileRef = 55061A2222B6C040003CDEAB /* TDSwiftShape.swift */; };
		55061A2622B6C067003CDEAB /* TDSwiftRouteDetailView.swift in Sources */ = {isa = PBXBuildFile; fileRef = 55061A2522B6C067003CDEAB /* TDSwiftRouteDetailView.swift */; };
		551B13C022D6C6570079C696 /* HMLocationManager.swift in Sources */ = {isa = PBXBuildFile; fileRef = 551B13BF22D6C6570079C696 /* HMLocationManager.swift */; };
		551B13C322D6C9ED0079C696 /* HMLocationServicePermissionViewController.swift in Sources */ = {isa = PBXBuildFile; fileRef = 551B13C222D6C9ED0079C696 /* HMLocationServicePermissionViewController.swift */; };
		551B13C622D82E5B0079C696 /* HMResetPasswordViewController.swift in Sources */ = {isa = PBXBuildFile; fileRef = 551B13C522D82E5B0079C696 /* HMResetPasswordViewController.swift */; };
		551B13C922D82F640079C696 /* TDSwiftAnimateBackgroundViewController.swift in Sources */ = {isa = PBXBuildFile; fileRef = 551B13C822D82F640079C696 /* TDSwiftAnimateBackgroundViewController.swift */; };
		551B13CC22D832050079C696 /* WebKit.framework in Frameworks */ = {isa = PBXBuildFile; fileRef = 551B13CB22D832050079C696 /* WebKit.framework */; };
		557B82A722B47531002D4774 /* AppDelegate.swift in Sources */ = {isa = PBXBuildFile; fileRef = 557B82A622B47531002D4774 /* AppDelegate.swift */; };
		557B82A922B47531002D4774 /* HMAuthViewController.swift in Sources */ = {isa = PBXBuildFile; fileRef = 557B82A822B47531002D4774 /* HMAuthViewController.swift */; };
		557B82AC22B47531002D4774 /* Main.storyboard in Resources */ = {isa = PBXBuildFile; fileRef = 557B82AA22B47531002D4774 /* Main.storyboard */; };
		557B82AE22B47532002D4774 /* Assets.xcassets in Resources */ = {isa = PBXBuildFile; fileRef = 557B82AD22B47532002D4774 /* Assets.xcassets */; };
		557B82B122B47532002D4774 /* LaunchScreen.storyboard in Resources */ = {isa = PBXBuildFile; fileRef = 557B82AF22B47532002D4774 /* LaunchScreen.storyboard */; };
		557B82BC22B47532002D4774 /* hm_driver_iosTests.swift in Sources */ = {isa = PBXBuildFile; fileRef = 557B82BB22B47532002D4774 /* hm_driver_iosTests.swift */; };
		557B82C722B47532002D4774 /* hm_driver_iosUITests.swift in Sources */ = {isa = PBXBuildFile; fileRef = 557B82C622B47532002D4774 /* hm_driver_iosUITests.swift */; };
		557B82DD22B4B0CA002D4774 /* ENV.swift in Sources */ = {isa = PBXBuildFile; fileRef = 557B82DC22B4B0CA002D4774 /* ENV.swift */; };
		557B82E222B4B5DC002D4774 /* TDSwiftRequest.swift in Sources */ = {isa = PBXBuildFile; fileRef = 557B82E022B4B5DC002D4774 /* TDSwiftRequest.swift */; };
		557B82E322B4B5DC002D4774 /* TDSwiftRequestError.swift in Sources */ = {isa = PBXBuildFile; fileRef = 557B82E122B4B5DC002D4774 /* TDSwiftRequestError.swift */; };
		5582606E22DAD2D4003EDCCA /* HMSms.swift in Sources */ = {isa = PBXBuildFile; fileRef = 5582606D22DAD2D4003EDCCA /* HMSms.swift */; };
		5582607122DADB19003EDCCA /* TDSwiftFileManager.swift in Sources */ = {isa = PBXBuildFile; fileRef = 5582607022DADB19003EDCCA /* TDSwiftFileManager.swift */; };
		5582607422DADBBF003EDCCA /* TDSwiftHash.swift in Sources */ = {isa = PBXBuildFile; fileRef = 5582607322DADBBF003EDCCA /* TDSwiftHash.swift */; };
		5582607722DADDBD003EDCCA /* TDSwiftImageManager.swift in Sources */ = {isa = PBXBuildFile; fileRef = 5582607622DADDBD003EDCCA /* TDSwiftImageManager.swift */; };
		5582607922DB6A4B003EDCCA /* HMEarningBalanceTableViewCell.swift in Sources */ = {isa = PBXBuildFile; fileRef = 5582607822DB6A4B003EDCCA /* HMEarningBalanceTableViewCell.swift */; };
		5582607B22DB76B3003EDCCA /* TDSwiftGradientView.swift in Sources */ = {isa = PBXBuildFile; fileRef = 5582607A22DB76B3003EDCCA /* TDSwiftGradientView.swift */; };
		5589A97322BF6B08003353C9 /* HMEarningWageTableViewCell.swift in Sources */ = {isa = PBXBuildFile; fileRef = 5589A97222BF6B08003353C9 /* HMEarningWageTableViewCell.swift */; };
		5589A97522BF6B35003353C9 /* HMEarningSalaryTableViewCell.swift in Sources */ = {isa = PBXBuildFile; fileRef = 5589A97422BF6B35003353C9 /* HMEarningSalaryTableViewCell.swift */; };
		5589A97822C03E23003353C9 /* HMTripDetailBGView.swift in Sources */ = {isa = PBXBuildFile; fileRef = 5589A97722C03E23003353C9 /* HMTripDetailBGView.swift */; };
		5589A97B22C03FC1003353C9 /* TDSwiftRoundedCornerView.swift in Sources */ = {isa = PBXBuildFile; fileRef = 5589A97A22C03FC1003353C9 /* TDSwiftRoundedCornerView.swift */; };
		5599D6BA22D9945A008E5381 /* HMWage.swift in Sources */ = {isa = PBXBuildFile; fileRef = 5599D6B922D9945A008E5381 /* HMWage.swift */; };
		5599D6BC22D99478008E5381 /* HMSalary.swift in Sources */ = {isa = PBXBuildFile; fileRef = 5599D6BB22D99478008E5381 /* HMSalary.swift */; };
		5599D6C222DAC422008E5381 /* TDSwiftUnitConverter.swift in Sources */ = {isa = PBXBuildFile; fileRef = 5599D6C122DAC422008E5381 /* TDSwiftUnitConverter.swift */; };
		55ABB63022B6225800F569AF /* TDSwiftSpinner.swift in Sources */ = {isa = PBXBuildFile; fileRef = 55ABB62F22B6225800F569AF /* TDSwiftSpinner.swift */; };
		55ABB63322B629E500F569AF /* TDSwiftSegmentedControl.swift in Sources */ = {isa = PBXBuildFile; fileRef = 55ABB63222B629E500F569AF /* TDSwiftSegmentedControl.swift */; };
		55ABB63522B629F900F569AF /* TDSwiftSegmentedControlConfig.swift in Sources */ = {isa = PBXBuildFile; fileRef = 55ABB63422B629F900F569AF /* TDSwiftSegmentedControlConfig.swift */; };
		55BCFB6322CCE8F30080C39E /* HMAuth.swift in Sources */ = {isa = PBXBuildFile; fileRef = 55BCFB6222CCE8F30080C39E /* HMAuth.swift */; };
		55DF25BD22B5E457003AED00 /* TDSwiftGesture.swift in Sources */ = {isa = PBXBuildFile; fileRef = 55DF25BC22B5E457003AED00 /* TDSwiftGesture.swift */; };
		55EA8D4A22B6EEF500A57BF1 /* HMRouteDetailView.swift in Sources */ = {isa = PBXBuildFile; fileRef = 55EA8D4922B6EEF500A57BF1 /* HMRouteDetailView.swift */; };
		55EA8D4D22B6F38100A57BF1 /* HMTripDetailViewController.swift in Sources */ = {isa = PBXBuildFile; fileRef = 55EA8D4C22B6F38100A57BF1 /* HMTripDetailViewController.swift */; };
		55EA8D5022B6F77400A57BF1 /* TDSwiftMapTools.swift in Sources */ = {isa = PBXBuildFile; fileRef = 55EA8D4F22B6F77400A57BF1 /* TDSwiftMapTools.swift */; };
		55EA8D5322B705D100A57BF1 /* HMEarningViewController.swift in Sources */ = {isa = PBXBuildFile; fileRef = 55EA8D5222B705D100A57BF1 /* HMEarningViewController.swift */; };
		55EA8D5622B7062D00A57BF1 /* HMAccountViewController.swift in Sources */ = {isa = PBXBuildFile; fileRef = 55EA8D5522B7062D00A57BF1 /* HMAccountViewController.swift */; };
		55F2318722DD6E550005DEA4 /* HMGlobal.swift in Sources */ = {isa = PBXBuildFile; fileRef = 55F2318622DD6E550005DEA4 /* HMGlobal.swift */; };
		55F2318922DD6F080005DEA4 /* HMSetting.swift in Sources */ = {isa = PBXBuildFile; fileRef = 55F2318822DD6F080005DEA4 /* HMSetting.swift */; };
		55F73ADA22D4CB8A00880212 /* TDSwiftDate.swift in Sources */ = {isa = PBXBuildFile; fileRef = 55F73AD922D4CB8A00880212 /* TDSwiftDate.swift */; };
		55F73ADE22D4FD3D00880212 /* TDSwiftData.swift in Sources */ = {isa = PBXBuildFile; fileRef = 55F73ADD22D4FD3D00880212 /* TDSwiftData.swift */; };
		55F73AE122D5A87D00880212 /* TDSwiftInfiniteTableView.swift in Sources */ = {isa = PBXBuildFile; fileRef = 55F73AE022D5A87D00880212 /* TDSwiftInfiniteTableView.swift */; };
		55F73AE422D5F59400880212 /* HMPersonalInfoViewController.swift in Sources */ = {isa = PBXBuildFile; fileRef = 55F73AE322D5F59400880212 /* HMPersonalInfoViewController.swift */; };
		55F73AE622D5FDAB00880212 /* HMDriver.swift in Sources */ = {isa = PBXBuildFile; fileRef = 55F73AE522D5FDAB00880212 /* HMDriver.swift */; };
		55F9A2A522B4B92F00788FC5 /* TDSwiftHavana.swift in Sources */ = {isa = PBXBuildFile; fileRef = 55F9A2A422B4B92F00788FC5 /* TDSwiftHavana.swift */; };
		55F9A2A822B4BC1000788FC5 /* KeychainPasswordItem.swift in Sources */ = {isa = PBXBuildFile; fileRef = 55F9A2A722B4BC1000788FC5 /* KeychainPasswordItem.swift */; };
		55F9A2AA22B5677D00788FC5 /* DriverConn.swift in Sources */ = {isa = PBXBuildFile; fileRef = 55F9A2A922B5677D00788FC5 /* DriverConn.swift */; };
		55F9A2AE22B58FAE00788FC5 /* TDSwiftAlert.swift in Sources */ = {isa = PBXBuildFile; fileRef = 55F9A2AD22B58FAE00788FC5 /* TDSwiftAlert.swift */; };
		55F9A2B122B5926400788FC5 /* HMLoginViewController.swift in Sources */ = {isa = PBXBuildFile; fileRef = 55F9A2B022B5926400788FC5 /* HMLoginViewController.swift */; };
		55F9A2B422B5929600788FC5 /* HMTripListViewController.swift in Sources */ = {isa = PBXBuildFile; fileRef = 55F9A2B322B5929600788FC5 /* HMTripListViewController.swift */; };
		55F9A2B722B5939800788FC5 /* HMMainTabBarController.swift in Sources */ = {isa = PBXBuildFile; fileRef = 55F9A2B622B5939800788FC5 /* HMMainTabBarController.swift */; };
		55F9A2B922B59F3300788FC5 /* CONST.swift in Sources */ = {isa = PBXBuildFile; fileRef = 55F9A2B822B59F3300788FC5 /* CONST.swift */; };
		55F9A2BC22B5A04400788FC5 /* TDSwiftBasicButton.swift in Sources */ = {isa = PBXBuildFile; fileRef = 55F9A2BB22B5A04400788FC5 /* TDSwiftBasicButton.swift */; };
		55F9A2BF22B5A09300788FC5 /* HMBasicButton.swift in Sources */ = {isa = PBXBuildFile; fileRef = 55F9A2BE22B5A09300788FC5 /* HMBasicButton.swift */; };
		55FAC70722E215ED00D9AD3A /* HMFlightInfoViewController.swift in Sources */ = {isa = PBXBuildFile; fileRef = 55FAC70622E215ED00D9AD3A /* HMFlightInfoViewController.swift */; };
		55FAC70F22E2C59C00D9AD3A /* NotificationService.swift in Sources */ = {isa = PBXBuildFile; fileRef = 55FAC70E22E2C59C00D9AD3A /* NotificationService.swift */; };
		55FAC71322E2C59C00D9AD3A /* OneSignalNotificationServiceExtension.appex in Embed App Extensions */ = {isa = PBXBuildFile; fileRef = 55FAC70C22E2C59C00D9AD3A /* OneSignalNotificationServiceExtension.appex */; settings = {ATTRIBUTES = (RemoveHeadersOnCopy, ); }; };
		CD079AE267A76230477EA11C /* Pods_hm_driver_ios_OneSignalNotificationServiceExtension.framework in Frameworks */ = {isa = PBXBuildFile; fileRef = 20B6F6864B0F732619482EC8 /* Pods_hm_driver_ios_OneSignalNotificationServiceExtension.framework */; };
		D9D7B8D17787DEAE3B5C7AF8 /* Pods_hm_driver_iosTests.framework in Frameworks */ = {isa = PBXBuildFile; fileRef = 8DFB5D9BDDE84910D8BF5B78 /* Pods_hm_driver_iosTests.framework */; };
/* End PBXBuildFile section */

/* Begin PBXContainerItemProxy section */
		557B82B822B47532002D4774 /* PBXContainerItemProxy */ = {
			isa = PBXContainerItemProxy;
			containerPortal = 557B829B22B47531002D4774 /* Project object */;
			proxyType = 1;
			remoteGlobalIDString = 557B82A222B47531002D4774;
			remoteInfo = "hm-driver-ios";
		};
		557B82C322B47532002D4774 /* PBXContainerItemProxy */ = {
			isa = PBXContainerItemProxy;
			containerPortal = 557B829B22B47531002D4774 /* Project object */;
			proxyType = 1;
			remoteGlobalIDString = 557B82A222B47531002D4774;
			remoteInfo = "hm-driver-ios";
		};
		55FAC71122E2C59C00D9AD3A /* PBXContainerItemProxy */ = {
			isa = PBXContainerItemProxy;
			containerPortal = 557B829B22B47531002D4774 /* Project object */;
			proxyType = 1;
			remoteGlobalIDString = 55FAC70B22E2C59C00D9AD3A;
			remoteInfo = OneSignalNotificationServiceExtension;
		};
/* End PBXContainerItemProxy section */

/* Begin PBXCopyFilesBuildPhase section */
		55FAC71722E2C59C00D9AD3A /* Embed App Extensions */ = {
			isa = PBXCopyFilesBuildPhase;
			buildActionMask = 2147483647;
			dstPath = "";
			dstSubfolderSpec = 13;
			files = (
				55FAC71322E2C59C00D9AD3A /* OneSignalNotificationServiceExtension.appex in Embed App Extensions */,
			);
			name = "Embed App Extensions";
			runOnlyForDeploymentPostprocessing = 0;
		};
/* End PBXCopyFilesBuildPhase section */

/* Begin PBXFileReference section */
		20B6F6864B0F732619482EC8 /* Pods_hm_driver_ios_OneSignalNotificationServiceExtension.framework */ = {isa = PBXFileReference; explicitFileType = wrapper.framework; includeInIndex = 0; path = Pods_hm_driver_ios_OneSignalNotificationServiceExtension.framework; sourceTree = BUILT_PRODUCTS_DIR; };
		2CEBF42A5BE5B86A3272ED97 /* Pods-hm-driver-iosTests.release.xcconfig */ = {isa = PBXFileReference; includeInIndex = 1; lastKnownFileType = text.xcconfig; name = "Pods-hm-driver-iosTests.release.xcconfig"; path = "Target Support Files/Pods-hm-driver-iosTests/Pods-hm-driver-iosTests.release.xcconfig"; sourceTree = "<group>"; };
		3C48B6931DC8C2FC366E493B /* Pods-hm-driver-iosUITests.debug.xcconfig */ = {isa = PBXFileReference; includeInIndex = 1; lastKnownFileType = text.xcconfig; name = "Pods-hm-driver-iosUITests.debug.xcconfig"; path = "Target Support Files/Pods-hm-driver-iosUITests/Pods-hm-driver-iosUITests.debug.xcconfig"; sourceTree = "<group>"; };
		55005C2122E012AA00C66DA9 /* HMCustomerMessagingViewController.swift */ = {isa = PBXFileReference; lastKnownFileType = sourcecode.swift; path = HMCustomerMessagingViewController.swift; sourceTree = "<group>"; };
		5504A78E22D02AC800081C10 /* TDSwiftRouteDetailMapViewResult.swift */ = {isa = PBXFileReference; fileEncoding = 4; lastKnownFileType = sourcecode.swift; path = TDSwiftRouteDetailMapViewResult.swift; sourceTree = "<group>"; };
		5504A78F22D02AC800081C10 /* TDSwiftRouteDetailMapViewInfo.swift */ = {isa = PBXFileReference; fileEncoding = 4; lastKnownFileType = sourcecode.swift; path = TDSwiftRouteDetailMapViewInfo.swift; sourceTree = "<group>"; };
		5504A79022D02AC800081C10 /* TDSwiftRouteDetailMapViewConfig.swift */ = {isa = PBXFileReference; fileEncoding = 4; lastKnownFileType = sourcecode.swift; path = TDSwiftRouteDetailMapViewConfig.swift; sourceTree = "<group>"; };
		5504A79122D02AC800081C10 /* TDSwiftRouteDetailMapViewAnnotation.swift */ = {isa = PBXFileReference; fileEncoding = 4; lastKnownFileType = sourcecode.swift; path = TDSwiftRouteDetailMapViewAnnotation.swift; sourceTree = "<group>"; };
		5504A79222D02AC900081C10 /* TDSwiftRouteDetailMapView.swift */ = {isa = PBXFileReference; fileEncoding = 4; lastKnownFileType = sourcecode.swift; path = TDSwiftRouteDetailMapView.swift; sourceTree = "<group>"; };
		5504A79922D194AF00081C10 /* TDSwiftPopoverItem.swift */ = {isa = PBXFileReference; fileEncoding = 4; lastKnownFileType = sourcecode.swift; path = TDSwiftPopoverItem.swift; sourceTree = "<group>"; };
		5504A79A22D194AF00081C10 /* TDSwiftPopover+UITableView.swift */ = {isa = PBXFileReference; fileEncoding = 4; lastKnownFileType = sourcecode.swift; path = "TDSwiftPopover+UITableView.swift"; sourceTree = "<group>"; };
		5504A79B22D194AF00081C10 /* TDSwiftPopover+UIGestureRecognizer.swift */ = {isa = PBXFileReference; fileEncoding = 4; lastKnownFileType = sourcecode.swift; path = "TDSwiftPopover+UIGestureRecognizer.swift"; sourceTree = "<group>"; };
		5504A79C22D194AF00081C10 /* TDSwiftPopover.swift */ = {isa = PBXFileReference; fileEncoding = 4; lastKnownFileType = sourcecode.swift; path = TDSwiftPopover.swift; sourceTree = "<group>"; };
		5504A7A422D1DA4500081C10 /* HMThreeDotsBarButtonItem.swift */ = {isa = PBXFileReference; lastKnownFileType = sourcecode.swift; path = HMThreeDotsBarButtonItem.swift; sourceTree = "<group>"; };
		5504A7A722D1DD3B00081C10 /* HMTripDetailPopover.swift */ = {isa = PBXFileReference; lastKnownFileType = sourcecode.swift; path = HMTripDetailPopover.swift; sourceTree = "<group>"; };
		5504A7D422D21D9300081C10 /* TDSwiftHeartBeatConfig.swift */ = {isa = PBXFileReference; fileEncoding = 4; lastKnownFileType = sourcecode.swift; path = TDSwiftHeartBeatConfig.swift; sourceTree = "<group>"; };
		5504A7D522D21D9300081C10 /* TDSwiftHeartBeat.swift */ = {isa = PBXFileReference; fileEncoding = 4; lastKnownFileType = sourcecode.swift; path = TDSwiftHeartBeat.swift; sourceTree = "<group>"; };
		5504A7DC22D223B000081C10 /* HMHeartBeat.swift */ = {isa = PBXFileReference; lastKnownFileType = sourcecode.swift; path = HMHeartBeat.swift; sourceTree = "<group>"; };
		5504A7DE22D3947A00081C10 /* HMTrip.swift */ = {isa = PBXFileReference; lastKnownFileType = sourcecode.swift; path = HMTrip.swift; sourceTree = "<group>"; };
		55061A1F22B6BD54003CDEAB /* HMTripListTableViewCell.swift */ = {isa = PBXFileReference; lastKnownFileType = sourcecode.swift; path = HMTripListTableViewCell.swift; sourceTree = "<group>"; };
		55061A2222B6C040003CDEAB /* TDSwiftShape.swift */ = {isa = PBXFileReference; lastKnownFileType = sourcecode.swift; path = TDSwiftShape.swift; sourceTree = "<group>"; };
		55061A2522B6C067003CDEAB /* TDSwiftRouteDetailView.swift */ = {isa = PBXFileReference; lastKnownFileType = sourcecode.swift; path = TDSwiftRouteDetailView.swift; sourceTree = "<group>"; };
		551B13BF22D6C6570079C696 /* HMLocationManager.swift */ = {isa = PBXFileReference; lastKnownFileType = sourcecode.swift; path = HMLocationManager.swift; sourceTree = "<group>"; };
		551B13C222D6C9ED0079C696 /* HMLocationServicePermissionViewController.swift */ = {isa = PBXFileReference; lastKnownFileType = sourcecode.swift; path = HMLocationServicePermissionViewController.swift; sourceTree = "<group>"; };
		551B13C522D82E5B0079C696 /* HMResetPasswordViewController.swift */ = {isa = PBXFileReference; lastKnownFileType = sourcecode.swift; path = HMResetPasswordViewController.swift; sourceTree = "<group>"; };
		551B13C822D82F640079C696 /* TDSwiftAnimateBackgroundViewController.swift */ = {isa = PBXFileReference; lastKnownFileType = sourcecode.swift; path = TDSwiftAnimateBackgroundViewController.swift; sourceTree = "<group>"; };
		551B13CB22D832050079C696 /* WebKit.framework */ = {isa = PBXFileReference; lastKnownFileType = wrapper.framework; name = WebKit.framework; path = System/Library/Frameworks/WebKit.framework; sourceTree = SDKROOT; };
		557B82A322B47531002D4774 /* hm-driver-ios.app */ = {isa = PBXFileReference; explicitFileType = wrapper.application; includeInIndex = 0; path = "hm-driver-ios.app"; sourceTree = BUILT_PRODUCTS_DIR; };
		557B82A622B47531002D4774 /* AppDelegate.swift */ = {isa = PBXFileReference; lastKnownFileType = sourcecode.swift; path = AppDelegate.swift; sourceTree = "<group>"; };
		557B82A822B47531002D4774 /* HMAuthViewController.swift */ = {isa = PBXFileReference; lastKnownFileType = sourcecode.swift; path = HMAuthViewController.swift; sourceTree = "<group>"; };
		557B82AB22B47531002D4774 /* Base */ = {isa = PBXFileReference; lastKnownFileType = file.storyboard; name = Base; path = Base.lproj/Main.storyboard; sourceTree = "<group>"; };
		557B82AD22B47532002D4774 /* Assets.xcassets */ = {isa = PBXFileReference; lastKnownFileType = folder.assetcatalog; path = Assets.xcassets; sourceTree = "<group>"; };
		557B82B022B47532002D4774 /* Base */ = {isa = PBXFileReference; lastKnownFileType = file.storyboard; name = Base; path = Base.lproj/LaunchScreen.storyboard; sourceTree = "<group>"; };
		557B82B222B47532002D4774 /* Info.plist */ = {isa = PBXFileReference; lastKnownFileType = text.plist.xml; path = Info.plist; sourceTree = "<group>"; };
		557B82B722B47532002D4774 /* hm-driver-iosTests.xctest */ = {isa = PBXFileReference; explicitFileType = wrapper.cfbundle; includeInIndex = 0; path = "hm-driver-iosTests.xctest"; sourceTree = BUILT_PRODUCTS_DIR; };
		557B82BB22B47532002D4774 /* hm_driver_iosTests.swift */ = {isa = PBXFileReference; lastKnownFileType = sourcecode.swift; path = hm_driver_iosTests.swift; sourceTree = "<group>"; };
		557B82BD22B47532002D4774 /* Info.plist */ = {isa = PBXFileReference; lastKnownFileType = text.plist.xml; path = Info.plist; sourceTree = "<group>"; };
		557B82C222B47532002D4774 /* hm-driver-iosUITests.xctest */ = {isa = PBXFileReference; explicitFileType = wrapper.cfbundle; includeInIndex = 0; path = "hm-driver-iosUITests.xctest"; sourceTree = BUILT_PRODUCTS_DIR; };
		557B82C622B47532002D4774 /* hm_driver_iosUITests.swift */ = {isa = PBXFileReference; lastKnownFileType = sourcecode.swift; path = hm_driver_iosUITests.swift; sourceTree = "<group>"; };
		557B82C822B47532002D4774 /* Info.plist */ = {isa = PBXFileReference; lastKnownFileType = text.plist.xml; path = Info.plist; sourceTree = "<group>"; };
		557B82DC22B4B0CA002D4774 /* ENV.swift */ = {isa = PBXFileReference; lastKnownFileType = sourcecode.swift; path = ENV.swift; sourceTree = "<group>"; };
		557B82E022B4B5DC002D4774 /* TDSwiftRequest.swift */ = {isa = PBXFileReference; fileEncoding = 4; lastKnownFileType = sourcecode.swift; path = TDSwiftRequest.swift; sourceTree = "<group>"; };
		557B82E122B4B5DC002D4774 /* TDSwiftRequestError.swift */ = {isa = PBXFileReference; fileEncoding = 4; lastKnownFileType = sourcecode.swift; path = TDSwiftRequestError.swift; sourceTree = "<group>"; };
		5582606D22DAD2D4003EDCCA /* HMSms.swift */ = {isa = PBXFileReference; lastKnownFileType = sourcecode.swift; path = HMSms.swift; sourceTree = "<group>"; };
		5582607022DADB19003EDCCA /* TDSwiftFileManager.swift */ = {isa = PBXFileReference; lastKnownFileType = sourcecode.swift; path = TDSwiftFileManager.swift; sourceTree = "<group>"; };
		5582607322DADBBF003EDCCA /* TDSwiftHash.swift */ = {isa = PBXFileReference; lastKnownFileType = sourcecode.swift; path = TDSwiftHash.swift; sourceTree = "<group>"; };
		5582607622DADDBD003EDCCA /* TDSwiftImageManager.swift */ = {isa = PBXFileReference; lastKnownFileType = sourcecode.swift; path = TDSwiftImageManager.swift; sourceTree = "<group>"; };
		5582607822DB6A4B003EDCCA /* HMEarningBalanceTableViewCell.swift */ = {isa = PBXFileReference; lastKnownFileType = sourcecode.swift; path = HMEarningBalanceTableViewCell.swift; sourceTree = "<group>"; };
		5582607A22DB76B3003EDCCA /* TDSwiftGradientView.swift */ = {isa = PBXFileReference; lastKnownFileType = sourcecode.swift; path = TDSwiftGradientView.swift; sourceTree = "<group>"; };
		5589A97222BF6B08003353C9 /* HMEarningWageTableViewCell.swift */ = {isa = PBXFileReference; lastKnownFileType = sourcecode.swift; path = HMEarningWageTableViewCell.swift; sourceTree = "<group>"; };
		5589A97422BF6B35003353C9 /* HMEarningSalaryTableViewCell.swift */ = {isa = PBXFileReference; lastKnownFileType = sourcecode.swift; path = HMEarningSalaryTableViewCell.swift; sourceTree = "<group>"; };
		5589A97722C03E23003353C9 /* HMTripDetailBGView.swift */ = {isa = PBXFileReference; lastKnownFileType = sourcecode.swift; path = HMTripDetailBGView.swift; sourceTree = "<group>"; };
		5589A97A22C03FC1003353C9 /* TDSwiftRoundedCornerView.swift */ = {isa = PBXFileReference; lastKnownFileType = sourcecode.swift; path = TDSwiftRoundedCornerView.swift; sourceTree = "<group>"; };
		5599D6B922D9945A008E5381 /* HMWage.swift */ = {isa = PBXFileReference; lastKnownFileType = sourcecode.swift; path = HMWage.swift; sourceTree = "<group>"; };
		5599D6BB22D99478008E5381 /* HMSalary.swift */ = {isa = PBXFileReference; lastKnownFileType = sourcecode.swift; path = HMSalary.swift; sourceTree = "<group>"; };
		5599D6C122DAC422008E5381 /* TDSwiftUnitConverter.swift */ = {isa = PBXFileReference; lastKnownFileType = sourcecode.swift; path = TDSwiftUnitConverter.swift; sourceTree = "<group>"; };
		55ABB62F22B6225800F569AF /* TDSwiftSpinner.swift */ = {isa = PBXFileReference; lastKnownFileType = sourcecode.swift; path = TDSwiftSpinner.swift; sourceTree = "<group>"; };
		55ABB63222B629E500F569AF /* TDSwiftSegmentedControl.swift */ = {isa = PBXFileReference; lastKnownFileType = sourcecode.swift; path = TDSwiftSegmentedControl.swift; sourceTree = "<group>"; };
		55ABB63422B629F900F569AF /* TDSwiftSegmentedControlConfig.swift */ = {isa = PBXFileReference; lastKnownFileType = sourcecode.swift; path = TDSwiftSegmentedControlConfig.swift; sourceTree = "<group>"; };
		55BCFB6222CCE8F30080C39E /* HMAuth.swift */ = {isa = PBXFileReference; lastKnownFileType = sourcecode.swift; path = HMAuth.swift; sourceTree = "<group>"; };
		55DF25BC22B5E457003AED00 /* TDSwiftGesture.swift */ = {isa = PBXFileReference; lastKnownFileType = sourcecode.swift; path = TDSwiftGesture.swift; sourceTree = "<group>"; };
		55EA8D4922B6EEF500A57BF1 /* HMRouteDetailView.swift */ = {isa = PBXFileReference; lastKnownFileType = sourcecode.swift; path = HMRouteDetailView.swift; sourceTree = "<group>"; };
		55EA8D4C22B6F38100A57BF1 /* HMTripDetailViewController.swift */ = {isa = PBXFileReference; lastKnownFileType = sourcecode.swift; path = HMTripDetailViewController.swift; sourceTree = "<group>"; };
		55EA8D4F22B6F77400A57BF1 /* TDSwiftMapTools.swift */ = {isa = PBXFileReference; lastKnownFileType = sourcecode.swift; path = TDSwiftMapTools.swift; sourceTree = "<group>"; };
		55EA8D5222B705D100A57BF1 /* HMEarningViewController.swift */ = {isa = PBXFileReference; lastKnownFileType = sourcecode.swift; path = HMEarningViewController.swift; sourceTree = "<group>"; };
		55EA8D5522B7062D00A57BF1 /* HMAccountViewController.swift */ = {isa = PBXFileReference; lastKnownFileType = sourcecode.swift; path = HMAccountViewController.swift; sourceTree = "<group>"; };
		55F2318622DD6E550005DEA4 /* HMGlobal.swift */ = {isa = PBXFileReference; lastKnownFileType = sourcecode.swift; path = HMGlobal.swift; sourceTree = "<group>"; };
		55F2318822DD6F080005DEA4 /* HMSetting.swift */ = {isa = PBXFileReference; lastKnownFileType = sourcecode.swift; path = HMSetting.swift; sourceTree = "<group>"; };
		55F73AD922D4CB8A00880212 /* TDSwiftDate.swift */ = {isa = PBXFileReference; lastKnownFileType = sourcecode.swift; path = TDSwiftDate.swift; sourceTree = "<group>"; };
		55F73ADD22D4FD3D00880212 /* TDSwiftData.swift */ = {isa = PBXFileReference; lastKnownFileType = sourcecode.swift; path = TDSwiftData.swift; sourceTree = "<group>"; };
		55F73AE022D5A87D00880212 /* TDSwiftInfiniteTableView.swift */ = {isa = PBXFileReference; lastKnownFileType = sourcecode.swift; path = TDSwiftInfiniteTableView.swift; sourceTree = "<group>"; };
		55F73AE322D5F59400880212 /* HMPersonalInfoViewController.swift */ = {isa = PBXFileReference; lastKnownFileType = sourcecode.swift; path = HMPersonalInfoViewController.swift; sourceTree = "<group>"; };
		55F73AE522D5FDAB00880212 /* HMDriver.swift */ = {isa = PBXFileReference; lastKnownFileType = sourcecode.swift; path = HMDriver.swift; sourceTree = "<group>"; };
		55F9A2A422B4B92F00788FC5 /* TDSwiftHavana.swift */ = {isa = PBXFileReference; lastKnownFileType = sourcecode.swift; path = TDSwiftHavana.swift; sourceTree = "<group>"; };
		55F9A2A722B4BC1000788FC5 /* KeychainPasswordItem.swift */ = {isa = PBXFileReference; fileEncoding = 4; lastKnownFileType = sourcecode.swift; path = KeychainPasswordItem.swift; sourceTree = "<group>"; };
		55F9A2A922B5677D00788FC5 /* DriverConn.swift */ = {isa = PBXFileReference; lastKnownFileType = sourcecode.swift; path = DriverConn.swift; sourceTree = "<group>"; };
		55F9A2AD22B58FAE00788FC5 /* TDSwiftAlert.swift */ = {isa = PBXFileReference; lastKnownFileType = sourcecode.swift; path = TDSwiftAlert.swift; sourceTree = "<group>"; };
		55F9A2B022B5926400788FC5 /* HMLoginViewController.swift */ = {isa = PBXFileReference; lastKnownFileType = sourcecode.swift; path = HMLoginViewController.swift; sourceTree = "<group>"; };
		55F9A2B322B5929600788FC5 /* HMTripListViewController.swift */ = {isa = PBXFileReference; lastKnownFileType = sourcecode.swift; path = HMTripListViewController.swift; sourceTree = "<group>"; };
		55F9A2B622B5939800788FC5 /* HMMainTabBarController.swift */ = {isa = PBXFileReference; lastKnownFileType = sourcecode.swift; path = HMMainTabBarController.swift; sourceTree = "<group>"; };
		55F9A2B822B59F3300788FC5 /* CONST.swift */ = {isa = PBXFileReference; lastKnownFileType = sourcecode.swift; path = CONST.swift; sourceTree = "<group>"; };
		55F9A2BB22B5A04400788FC5 /* TDSwiftBasicButton.swift */ = {isa = PBXFileReference; fileEncoding = 4; lastKnownFileType = sourcecode.swift; path = TDSwiftBasicButton.swift; sourceTree = "<group>"; };
		55F9A2BE22B5A09300788FC5 /* HMBasicButton.swift */ = {isa = PBXFileReference; lastKnownFileType = sourcecode.swift; path = HMBasicButton.swift; sourceTree = "<group>"; };
		55FAC70622E215ED00D9AD3A /* HMFlightInfoViewController.swift */ = {isa = PBXFileReference; lastKnownFileType = sourcecode.swift; path = HMFlightInfoViewController.swift; sourceTree = "<group>"; };
		55FAC70C22E2C59C00D9AD3A /* OneSignalNotificationServiceExtension.appex */ = {isa = PBXFileReference; explicitFileType = "wrapper.app-extension"; includeInIndex = 0; path = OneSignalNotificationServiceExtension.appex; sourceTree = BUILT_PRODUCTS_DIR; };
		55FAC70E22E2C59C00D9AD3A /* NotificationService.swift */ = {isa = PBXFileReference; lastKnownFileType = sourcecode.swift; path = NotificationService.swift; sourceTree = "<group>"; };
		55FAC71022E2C59C00D9AD3A /* Info.plist */ = {isa = PBXFileReference; lastKnownFileType = text.plist.xml; path = Info.plist; sourceTree = "<group>"; };
		55FAC71822E2C82C00D9AD3A /* hm-driver-ios.entitlements */ = {isa = PBXFileReference; lastKnownFileType = text.plist.entitlements; path = "hm-driver-ios.entitlements"; sourceTree = "<group>"; };
		5A9BE3494D813F9298D4233A /* Pods-hm-driver-iosTests.debug.xcconfig */ = {isa = PBXFileReference; includeInIndex = 1; lastKnownFileType = text.xcconfig; name = "Pods-hm-driver-iosTests.debug.xcconfig"; path = "Target Support Files/Pods-hm-driver-iosTests/Pods-hm-driver-iosTests.debug.xcconfig"; sourceTree = "<group>"; };
		6BEB7107D3F564C36D11E300 /* Pods_hm_driver_ios.framework */ = {isa = PBXFileReference; explicitFileType = wrapper.framework; includeInIndex = 0; path = Pods_hm_driver_ios.framework; sourceTree = BUILT_PRODUCTS_DIR; };
		7E0B281FA37A382C40C47F71 /* Pods-hm-driver-ios.debug.xcconfig */ = {isa = PBXFileReference; includeInIndex = 1; lastKnownFileType = text.xcconfig; name = "Pods-hm-driver-ios.debug.xcconfig"; path = "Target Support Files/Pods-hm-driver-ios/Pods-hm-driver-ios.debug.xcconfig"; sourceTree = "<group>"; };
		8DFB5D9BDDE84910D8BF5B78 /* Pods_hm_driver_iosTests.framework */ = {isa = PBXFileReference; explicitFileType = wrapper.framework; includeInIndex = 0; path = Pods_hm_driver_iosTests.framework; sourceTree = BUILT_PRODUCTS_DIR; };
		944433BD704B14DE511D6B24 /* Pods_hm_driver_iosUITests.framework */ = {isa = PBXFileReference; explicitFileType = wrapper.framework; includeInIndex = 0; path = Pods_hm_driver_iosUITests.framework; sourceTree = BUILT_PRODUCTS_DIR; };
		B218927035FC340ECB410272 /* Pods-hm-driver-iosUITests.release.xcconfig */ = {isa = PBXFileReference; includeInIndex = 1; lastKnownFileType = text.xcconfig; name = "Pods-hm-driver-iosUITests.release.xcconfig"; path = "Target Support Files/Pods-hm-driver-iosUITests/Pods-hm-driver-iosUITests.release.xcconfig"; sourceTree = "<group>"; };
		BCC2DBF26234DA30569CDD11 /* Pods-hm-driver-ios-OneSignalNotificationServiceExtension.release.xcconfig */ = {isa = PBXFileReference; includeInIndex = 1; lastKnownFileType = text.xcconfig; name = "Pods-hm-driver-ios-OneSignalNotificationServiceExtension.release.xcconfig"; path = "Target Support Files/Pods-hm-driver-ios-OneSignalNotificationServiceExtension/Pods-hm-driver-ios-OneSignalNotificationServiceExtension.release.xcconfig"; sourceTree = "<group>"; };
		C6DD16778C92B209B34F85F5 /* Pods-hm-driver-ios-OneSignalNotificationServiceExtension.debug.xcconfig */ = {isa = PBXFileReference; includeInIndex = 1; lastKnownFileType = text.xcconfig; name = "Pods-hm-driver-ios-OneSignalNotificationServiceExtension.debug.xcconfig"; path = "Target Support Files/Pods-hm-driver-ios-OneSignalNotificationServiceExtension/Pods-hm-driver-ios-OneSignalNotificationServiceExtension.debug.xcconfig"; sourceTree = "<group>"; };
		CE7ED5008D8E87A7666425D4 /* Pods-hm-driver-ios.release.xcconfig */ = {isa = PBXFileReference; includeInIndex = 1; lastKnownFileType = text.xcconfig; name = "Pods-hm-driver-ios.release.xcconfig"; path = "Target Support Files/Pods-hm-driver-ios/Pods-hm-driver-ios.release.xcconfig"; sourceTree = "<group>"; };
/* End PBXFileReference section */

/* Begin PBXFrameworksBuildPhase section */
		557B82A022B47531002D4774 /* Frameworks */ = {
			isa = PBXFrameworksBuildPhase;
			buildActionMask = 2147483647;
			files = (
				551B13CC22D832050079C696 /* WebKit.framework in Frameworks */,
				01BF216CECE8C80FB39AA68F /* Pods_hm_driver_ios.framework in Frameworks */,
			);
			runOnlyForDeploymentPostprocessing = 0;
		};
		557B82B422B47532002D4774 /* Frameworks */ = {
			isa = PBXFrameworksBuildPhase;
			buildActionMask = 2147483647;
			files = (
				D9D7B8D17787DEAE3B5C7AF8 /* Pods_hm_driver_iosTests.framework in Frameworks */,
			);
			runOnlyForDeploymentPostprocessing = 0;
		};
		557B82BF22B47532002D4774 /* Frameworks */ = {
			isa = PBXFrameworksBuildPhase;
			buildActionMask = 2147483647;
			files = (
				0766753410A8ECB68A09EED2 /* Pods_hm_driver_iosUITests.framework in Frameworks */,
			);
			runOnlyForDeploymentPostprocessing = 0;
		};
		55FAC70922E2C59C00D9AD3A /* Frameworks */ = {
			isa = PBXFrameworksBuildPhase;
			buildActionMask = 2147483647;
			files = (
				CD079AE267A76230477EA11C /* Pods_hm_driver_ios_OneSignalNotificationServiceExtension.framework in Frameworks */,
			);
			runOnlyForDeploymentPostprocessing = 0;
		};
/* End PBXFrameworksBuildPhase section */

/* Begin PBXGroup section */
		55005C2022E0124300C66DA9 /* HMCustomerMessaging */ = {
			isa = PBXGroup;
			children = (
				55005C2122E012AA00C66DA9 /* HMCustomerMessagingViewController.swift */,
			);
			path = HMCustomerMessaging;
			sourceTree = "<group>";
		};
		5504A78D22D02AAF00081C10 /* TDSwiftRouteDetailMapView */ = {
			isa = PBXGroup;
			children = (
				5504A79222D02AC900081C10 /* TDSwiftRouteDetailMapView.swift */,
				5504A79122D02AC800081C10 /* TDSwiftRouteDetailMapViewAnnotation.swift */,
				5504A79022D02AC800081C10 /* TDSwiftRouteDetailMapViewConfig.swift */,
				5504A78F22D02AC800081C10 /* TDSwiftRouteDetailMapViewInfo.swift */,
				5504A78E22D02AC800081C10 /* TDSwiftRouteDetailMapViewResult.swift */,
			);
			path = TDSwiftRouteDetailMapView;
			sourceTree = "<group>";
		};
		5504A79822D1949C00081C10 /* TDSwiftPopover */ = {
			isa = PBXGroup;
			children = (
				5504A79C22D194AF00081C10 /* TDSwiftPopover.swift */,
				5504A79B22D194AF00081C10 /* TDSwiftPopover+UIGestureRecognizer.swift */,
				5504A79A22D194AF00081C10 /* TDSwiftPopover+UITableView.swift */,
				5504A79922D194AF00081C10 /* TDSwiftPopoverItem.swift */,
			);
			path = TDSwiftPopover;
			sourceTree = "<group>";
		};
		5504A7A122D1D2D800081C10 /* Haimens */ = {
			isa = PBXGroup;
			children = (
				5504A7A622D1DD2300081C10 /* HMTripDetailPopover */,
				5504A7A322D1D9FB00081C10 /* HMThreeDotsBarButtonItem */,
				55F9A2BD22B5A07500788FC5 /* HMBasicButton */,
				5589A97622C03E13003353C9 /* HMTripDetailBGView */,
				55EA8D4822B6EEDF00A57BF1 /* HMRouteDetailView */,
			);
			path = Haimens;
			sourceTree = "<group>";
		};
		5504A7A222D1D2DF00081C10 /* TDSwift */ = {
			isa = PBXGroup;
			children = (
				5582607C22DB76BA003EDCCA /* TDSwiftGradientView */,
				551B13C722D82F4F0079C696 /* TDSwiftAnimateBackgroundViewController */,
				55F73ADF22D5A86C00880212 /* TDSwiftInfiniteTableView */,
				55061A2422B6C05C003CDEAB /* TDSwiftRouteDetailView */,
				55061A2122B6C034003CDEAB /* TDSwiftShape */,
				55ABB63122B629CE00F569AF /* TDSwiftSegmentedControl */,
				55ABB62E22B6224800F569AF /* TDSwiftSpinner */,
				5504A79822D1949C00081C10 /* TDSwiftPopover */,
				5504A78D22D02AAF00081C10 /* TDSwiftRouteDetailMapView */,
				5589A97922C03FB9003353C9 /* TDSwiftRoundedCornerView */,
			);
			path = TDSwift;
			sourceTree = "<group>";
		};
		5504A7A322D1D9FB00081C10 /* HMThreeDotsBarButtonItem */ = {
			isa = PBXGroup;
			children = (
				5504A7A422D1DA4500081C10 /* HMThreeDotsBarButtonItem.swift */,
			);
			path = HMThreeDotsBarButtonItem;
			sourceTree = "<group>";
		};
		5504A7A622D1DD2300081C10 /* HMTripDetailPopover */ = {
			isa = PBXGroup;
			children = (
				5504A7A722D1DD3B00081C10 /* HMTripDetailPopover.swift */,
			);
			path = HMTripDetailPopover;
			sourceTree = "<group>";
		};
		5504A7D322D21CBC00081C10 /* TDSwiftHeartBeat */ = {
			isa = PBXGroup;
			children = (
				5504A7D522D21D9300081C10 /* TDSwiftHeartBeat.swift */,
				5504A7D422D21D9300081C10 /* TDSwiftHeartBeatConfig.swift */,
			);
			path = TDSwiftHeartBeat;
			sourceTree = "<group>";
		};
		5504A7DB22D2238D00081C10 /* HMHeartBeat */ = {
			isa = PBXGroup;
			children = (
				5504A7DC22D223B000081C10 /* HMHeartBeat.swift */,
			);
			path = HMHeartBeat;
			sourceTree = "<group>";
		};
		55061A2122B6C034003CDEAB /* TDSwiftShape */ = {
			isa = PBXGroup;
			children = (
				55061A2222B6C040003CDEAB /* TDSwiftShape.swift */,
			);
			path = TDSwiftShape;
			sourceTree = "<group>";
		};
		55061A2422B6C05C003CDEAB /* TDSwiftRouteDetailView */ = {
			isa = PBXGroup;
			children = (
				55061A2522B6C067003CDEAB /* TDSwiftRouteDetailView.swift */,
			);
			path = TDSwiftRouteDetailView;
			sourceTree = "<group>";
		};
		551B13BE22D6C62F0079C696 /* HMLocationManager */ = {
			isa = PBXGroup;
			children = (
				551B13BF22D6C6570079C696 /* HMLocationManager.swift */,
			);
			path = HMLocationManager;
			sourceTree = "<group>";
		};
		551B13C122D6C9C60079C696 /* HMLocationServicePermission */ = {
			isa = PBXGroup;
			children = (
				551B13C222D6C9ED0079C696 /* HMLocationServicePermissionViewController.swift */,
			);
			path = HMLocationServicePermission;
			sourceTree = "<group>";
		};
		551B13C422D82E280079C696 /* HMResetPassword */ = {
			isa = PBXGroup;
			children = (
				551B13C522D82E5B0079C696 /* HMResetPasswordViewController.swift */,
			);
			path = HMResetPassword;
			sourceTree = "<group>";
		};
		551B13C722D82F4F0079C696 /* TDSwiftAnimateBackgroundViewController */ = {
			isa = PBXGroup;
			children = (
				551B13C822D82F640079C696 /* TDSwiftAnimateBackgroundViewController.swift */,
			);
			path = TDSwiftAnimateBackgroundViewController;
			sourceTree = "<group>";
		};
		551B13CA22D832050079C696 /* Frameworks */ = {
			isa = PBXGroup;
			children = (
				551B13CB22D832050079C696 /* WebKit.framework */,
				6BEB7107D3F564C36D11E300 /* Pods_hm_driver_ios.framework */,
				8DFB5D9BDDE84910D8BF5B78 /* Pods_hm_driver_iosTests.framework */,
				944433BD704B14DE511D6B24 /* Pods_hm_driver_iosUITests.framework */,
				20B6F6864B0F732619482EC8 /* Pods_hm_driver_ios_OneSignalNotificationServiceExtension.framework */,
			);
			name = Frameworks;
			sourceTree = "<group>";
		};
		557B829A22B47531002D4774 = {
			isa = PBXGroup;
			children = (
				557B82A522B47531002D4774 /* hm-driver-ios */,
				557B82BA22B47532002D4774 /* hm-driver-iosTests */,
				557B82C522B47532002D4774 /* hm-driver-iosUITests */,
				55FAC70D22E2C59C00D9AD3A /* OneSignalNotificationServiceExtension */,
				557B82A422B47531002D4774 /* Products */,
				551B13CA22D832050079C696 /* Frameworks */,
				724916B2440F45EF5037D170 /* Pods */,
			);
			sourceTree = "<group>";
		};
		557B82A422B47531002D4774 /* Products */ = {
			isa = PBXGroup;
			children = (
				557B82A322B47531002D4774 /* hm-driver-ios.app */,
				557B82B722B47532002D4774 /* hm-driver-iosTests.xctest */,
				557B82C222B47532002D4774 /* hm-driver-iosUITests.xctest */,
				55FAC70C22E2C59C00D9AD3A /* OneSignalNotificationServiceExtension.appex */,
			);
			name = Products;
			sourceTree = "<group>";
		};
		557B82A522B47531002D4774 /* hm-driver-ios */ = {
			isa = PBXGroup;
			children = (
				557B82D722B4ADA9002D4774 /* Models */,
				557B82D622B4ADA0002D4774 /* Controllers */,
				557B82D922B4ADBC002D4774 /* UI */,
				557B82DE22B4B565002D4774 /* Helpers */,
				557B82D522B4AD96002D4774 /* Services */,
				5589A97022BF6836003353C9 /* Storyboards */,
				557B82D422B4AD7C002D4774 /* SupportFiles */,
			);
			path = "hm-driver-ios";
			sourceTree = "<group>";
		};
		557B82BA22B47532002D4774 /* hm-driver-iosTests */ = {
			isa = PBXGroup;
			children = (
				557B82BB22B47532002D4774 /* hm_driver_iosTests.swift */,
				557B82BD22B47532002D4774 /* Info.plist */,
			);
			path = "hm-driver-iosTests";
			sourceTree = "<group>";
		};
		557B82C522B47532002D4774 /* hm-driver-iosUITests */ = {
			isa = PBXGroup;
			children = (
				557B82C622B47532002D4774 /* hm_driver_iosUITests.swift */,
				557B82C822B47532002D4774 /* Info.plist */,
			);
			path = "hm-driver-iosUITests";
			sourceTree = "<group>";
		};
		557B82D422B4AD7C002D4774 /* SupportFiles */ = {
			isa = PBXGroup;
			children = (
				55FAC71822E2C82C00D9AD3A /* hm-driver-ios.entitlements */,
				557B82A622B47531002D4774 /* AppDelegate.swift */,
				557B82B222B47532002D4774 /* Info.plist */,
				557B82AD22B47532002D4774 /* Assets.xcassets */,
				557B82DC22B4B0CA002D4774 /* ENV.swift */,
				55F9A2B822B59F3300788FC5 /* CONST.swift */,
			);
			path = SupportFiles;
			sourceTree = "<group>";
		};
		557B82D522B4AD96002D4774 /* Services */ = {
			isa = PBXGroup;
			children = (
				55F9A2A922B5677D00788FC5 /* DriverConn.swift */,
			);
			path = Services;
			sourceTree = "<group>";
		};
		557B82D622B4ADA0002D4774 /* Controllers */ = {
			isa = PBXGroup;
			children = (
				55FAC70522E215D800D9AD3A /* HMFlightInfo */,
				55005C2022E0124300C66DA9 /* HMCustomerMessaging */,
				551B13C422D82E280079C696 /* HMResetPassword */,
				551B13C122D6C9C60079C696 /* HMLocationServicePermission */,
				55F73AE222D5F57700880212 /* HMPersonalInfo */,
				55EA8D5422B705E200A57BF1 /* HMAccount */,
				55EA8D5122B705A400A57BF1 /* HMEarning */,
				55EA8D4B22B6F36800A57BF1 /* HMTripDetail */,
				55F9A2B522B5936800788FC5 /* HMMainTabBar */,
				55F9A2B222B5927E00788FC5 /* HMTripList */,
				55F9A2AF22B5924700788FC5 /* HMLogin */,
				55F9A2AB22B5825D00788FC5 /* HMAuth */,
			);
			path = Controllers;
			sourceTree = "<group>";
		};
		557B82D722B4ADA9002D4774 /* Models */ = {
			isa = PBXGroup;
			children = (
				55BCFB6222CCE8F30080C39E /* HMAuth.swift */,
				5504A7DE22D3947A00081C10 /* HMTrip.swift */,
				55F73AE522D5FDAB00880212 /* HMDriver.swift */,
				5599D6B922D9945A008E5381 /* HMWage.swift */,
				5599D6BB22D99478008E5381 /* HMSalary.swift */,
				5582606D22DAD2D4003EDCCA /* HMSms.swift */,
				55F2318822DD6F080005DEA4 /* HMSetting.swift */,
			);
			path = Models;
			sourceTree = "<group>";
		};
		557B82D922B4ADBC002D4774 /* UI */ = {
			isa = PBXGroup;
			children = (
				5504A7A222D1D2DF00081C10 /* TDSwift */,
				5504A7A122D1D2D800081C10 /* Haimens */,
			);
			path = UI;
			sourceTree = "<group>";
		};
		557B82DE22B4B565002D4774 /* Helpers */ = {
			isa = PBXGroup;
			children = (
				55F2318522DD6E330005DEA4 /* HMGlobal */,
				5582607522DADDB3003EDCCA /* TDSwiftImageManager */,
				5582607222DADB98003EDCCA /* TDSwiftHash */,
				5582606F22DADB0A003EDCCA /* TDSwiftFileManager */,
				5599D6C022DAC414008E5381 /* TDSwiftUnitConverter */,
				5599D6BD22DA2B9B008E5381 /* HMMoneyUnitConverter */,
				551B13BE22D6C62F0079C696 /* HMLocationManager */,
				55F73ADC22D4FD2900880212 /* TDSwiftData */,
				55F73ADB22D4CB8F00880212 /* TDSwiftDate */,
				5504A7DB22D2238D00081C10 /* HMHeartBeat */,
				5504A7D322D21CBC00081C10 /* TDSwiftHeartBeat */,
				55EA8D4E22B6F70E00A57BF1 /* TDSwiftMapTools */,
				55DF25BB22B5E444003AED00 /* TDSwiftGesture */,
				55F9A2AC22B58F9B00788FC5 /* TDSwiftAlert */,
				55F9A2A622B4BC0700788FC5 /* GenericKeychain */,
				55F9A2A322B4B90900788FC5 /* TDSwiftHavana */,
				557B82DF22B4B5BB002D4774 /* TDSwiftRequest */,
			);
			path = Helpers;
			sourceTree = "<group>";
		};
		557B82DF22B4B5BB002D4774 /* TDSwiftRequest */ = {
			isa = PBXGroup;
			children = (
				557B82E022B4B5DC002D4774 /* TDSwiftRequest.swift */,
				557B82E122B4B5DC002D4774 /* TDSwiftRequestError.swift */,
			);
			path = TDSwiftRequest;
			sourceTree = "<group>";
		};
		5582606F22DADB0A003EDCCA /* TDSwiftFileManager */ = {
			isa = PBXGroup;
			children = (
				5582607022DADB19003EDCCA /* TDSwiftFileManager.swift */,
			);
			path = TDSwiftFileManager;
			sourceTree = "<group>";
		};
		5582607222DADB98003EDCCA /* TDSwiftHash */ = {
			isa = PBXGroup;
			children = (
				5582607322DADBBF003EDCCA /* TDSwiftHash.swift */,
			);
			path = TDSwiftHash;
			sourceTree = "<group>";
		};
		5582607522DADDB3003EDCCA /* TDSwiftImageManager */ = {
			isa = PBXGroup;
			children = (
				5582607622DADDBD003EDCCA /* TDSwiftImageManager.swift */,
			);
			path = TDSwiftImageManager;
			sourceTree = "<group>";
		};
		5582607C22DB76BA003EDCCA /* TDSwiftGradientView */ = {
			isa = PBXGroup;
			children = (
				5582607A22DB76B3003EDCCA /* TDSwiftGradientView.swift */,
			);
			path = TDSwiftGradientView;
			sourceTree = "<group>";
		};
		5589A97022BF6836003353C9 /* Storyboards */ = {
			isa = PBXGroup;
			children = (
				557B82AA22B47531002D4774 /* Main.storyboard */,
				557B82AF22B47532002D4774 /* LaunchScreen.storyboard */,
			);
			path = Storyboards;
			sourceTree = "<group>";
		};
		5589A97622C03E13003353C9 /* HMTripDetailBGView */ = {
			isa = PBXGroup;
			children = (
				5589A97722C03E23003353C9 /* HMTripDetailBGView.swift */,
			);
			path = HMTripDetailBGView;
			sourceTree = "<group>";
		};
		5589A97922C03FB9003353C9 /* TDSwiftRoundedCornerView */ = {
			isa = PBXGroup;
			children = (
				5589A97A22C03FC1003353C9 /* TDSwiftRoundedCornerView.swift */,
			);
			path = TDSwiftRoundedCornerView;
			sourceTree = "<group>";
		};
		5599D6BD22DA2B9B008E5381 /* HMMoneyUnitConverter */ = {
			isa = PBXGroup;
			children = (
			);
			path = HMMoneyUnitConverter;
			sourceTree = "<group>";
		};
		5599D6C022DAC414008E5381 /* TDSwiftUnitConverter */ = {
			isa = PBXGroup;
			children = (
				5599D6C122DAC422008E5381 /* TDSwiftUnitConverter.swift */,
			);
			path = TDSwiftUnitConverter;
			sourceTree = "<group>";
		};
		55ABB62E22B6224800F569AF /* TDSwiftSpinner */ = {
			isa = PBXGroup;
			children = (
				55ABB62F22B6225800F569AF /* TDSwiftSpinner.swift */,
			);
			path = TDSwiftSpinner;
			sourceTree = "<group>";
		};
		55ABB63122B629CE00F569AF /* TDSwiftSegmentedControl */ = {
			isa = PBXGroup;
			children = (
				55ABB63222B629E500F569AF /* TDSwiftSegmentedControl.swift */,
				55ABB63422B629F900F569AF /* TDSwiftSegmentedControlConfig.swift */,
			);
			path = TDSwiftSegmentedControl;
			sourceTree = "<group>";
		};
		55DF25BB22B5E444003AED00 /* TDSwiftGesture */ = {
			isa = PBXGroup;
			children = (
				55DF25BC22B5E457003AED00 /* TDSwiftGesture.swift */,
			);
			path = TDSwiftGesture;
			sourceTree = "<group>";
		};
		55EA8D4822B6EEDF00A57BF1 /* HMRouteDetailView */ = {
			isa = PBXGroup;
			children = (
				55EA8D4922B6EEF500A57BF1 /* HMRouteDetailView.swift */,
			);
			path = HMRouteDetailView;
			sourceTree = "<group>";
		};
		55EA8D4B22B6F36800A57BF1 /* HMTripDetail */ = {
			isa = PBXGroup;
			children = (
				55EA8D4C22B6F38100A57BF1 /* HMTripDetailViewController.swift */,
			);
			path = HMTripDetail;
			sourceTree = "<group>";
		};
		55EA8D4E22B6F70E00A57BF1 /* TDSwiftMapTools */ = {
			isa = PBXGroup;
			children = (
				55EA8D4F22B6F77400A57BF1 /* TDSwiftMapTools.swift */,
			);
			path = TDSwiftMapTools;
			sourceTree = "<group>";
		};
		55EA8D5122B705A400A57BF1 /* HMEarning */ = {
			isa = PBXGroup;
			children = (
				55EA8D5222B705D100A57BF1 /* HMEarningViewController.swift */,
				5589A97222BF6B08003353C9 /* HMEarningWageTableViewCell.swift */,
				5589A97422BF6B35003353C9 /* HMEarningSalaryTableViewCell.swift */,
				5582607822DB6A4B003EDCCA /* HMEarningBalanceTableViewCell.swift */,
			);
			path = HMEarning;
			sourceTree = "<group>";
		};
		55EA8D5422B705E200A57BF1 /* HMAccount */ = {
			isa = PBXGroup;
			children = (
				55EA8D5522B7062D00A57BF1 /* HMAccountViewController.swift */,
			);
			path = HMAccount;
			sourceTree = "<group>";
		};
		55F2318522DD6E330005DEA4 /* HMGlobal */ = {
			isa = PBXGroup;
			children = (
				55F2318622DD6E550005DEA4 /* HMGlobal.swift */,
			);
			path = HMGlobal;
			sourceTree = "<group>";
		};
		55F73ADB22D4CB8F00880212 /* TDSwiftDate */ = {
			isa = PBXGroup;
			children = (
				55F73AD922D4CB8A00880212 /* TDSwiftDate.swift */,
			);
			path = TDSwiftDate;
			sourceTree = "<group>";
		};
		55F73ADC22D4FD2900880212 /* TDSwiftData */ = {
			isa = PBXGroup;
			children = (
				55F73ADD22D4FD3D00880212 /* TDSwiftData.swift */,
			);
			path = TDSwiftData;
			sourceTree = "<group>";
		};
		55F73ADF22D5A86C00880212 /* TDSwiftInfiniteTableView */ = {
			isa = PBXGroup;
			children = (
				55F73AE022D5A87D00880212 /* TDSwiftInfiniteTableView.swift */,
			);
			path = TDSwiftInfiniteTableView;
			sourceTree = "<group>";
		};
		55F73AE222D5F57700880212 /* HMPersonalInfo */ = {
			isa = PBXGroup;
			children = (
				55F73AE322D5F59400880212 /* HMPersonalInfoViewController.swift */,
			);
			path = HMPersonalInfo;
			sourceTree = "<group>";
		};
		55F9A2A322B4B90900788FC5 /* TDSwiftHavana */ = {
			isa = PBXGroup;
			children = (
				55F9A2A422B4B92F00788FC5 /* TDSwiftHavana.swift */,
			);
			path = TDSwiftHavana;
			sourceTree = "<group>";
		};
		55F9A2A622B4BC0700788FC5 /* GenericKeychain */ = {
			isa = PBXGroup;
			children = (
				55F9A2A722B4BC1000788FC5 /* KeychainPasswordItem.swift */,
			);
			path = GenericKeychain;
			sourceTree = "<group>";
		};
		55F9A2AB22B5825D00788FC5 /* HMAuth */ = {
			isa = PBXGroup;
			children = (
				557B82A822B47531002D4774 /* HMAuthViewController.swift */,
			);
			path = HMAuth;
			sourceTree = "<group>";
		};
		55F9A2AC22B58F9B00788FC5 /* TDSwiftAlert */ = {
			isa = PBXGroup;
			children = (
				55F9A2AD22B58FAE00788FC5 /* TDSwiftAlert.swift */,
			);
			path = TDSwiftAlert;
			sourceTree = "<group>";
		};
		55F9A2AF22B5924700788FC5 /* HMLogin */ = {
			isa = PBXGroup;
			children = (
				55F9A2B022B5926400788FC5 /* HMLoginViewController.swift */,
			);
			path = HMLogin;
			sourceTree = "<group>";
		};
		55F9A2B222B5927E00788FC5 /* HMTripList */ = {
			isa = PBXGroup;
			children = (
				55F9A2B322B5929600788FC5 /* HMTripListViewController.swift */,
				55061A1F22B6BD54003CDEAB /* HMTripListTableViewCell.swift */,
			);
			path = HMTripList;
			sourceTree = "<group>";
		};
		55F9A2B522B5936800788FC5 /* HMMainTabBar */ = {
			isa = PBXGroup;
			children = (
				55F9A2B622B5939800788FC5 /* HMMainTabBarController.swift */,
			);
			path = HMMainTabBar;
			sourceTree = "<group>";
		};
		55F9A2BA22B5A03200788FC5 /* TDSwiftBasicButton */ = {
			isa = PBXGroup;
			children = (
				55F9A2BB22B5A04400788FC5 /* TDSwiftBasicButton.swift */,
			);
			path = TDSwiftBasicButton;
			sourceTree = "<group>";
		};
		55F9A2BD22B5A07500788FC5 /* HMBasicButton */ = {
			isa = PBXGroup;
			children = (
				55F9A2BA22B5A03200788FC5 /* TDSwiftBasicButton */,
				55F9A2BE22B5A09300788FC5 /* HMBasicButton.swift */,
			);
			path = HMBasicButton;
			sourceTree = "<group>";
		};
		55FAC70522E215D800D9AD3A /* HMFlightInfo */ = {
			isa = PBXGroup;
			children = (
				55FAC70622E215ED00D9AD3A /* HMFlightInfoViewController.swift */,
			);
			path = HMFlightInfo;
			sourceTree = "<group>";
		};
		55FAC70D22E2C59C00D9AD3A /* OneSignalNotificationServiceExtension */ = {
			isa = PBXGroup;
			children = (
				55FAC70E22E2C59C00D9AD3A /* NotificationService.swift */,
				55FAC71022E2C59C00D9AD3A /* Info.plist */,
			);
			path = OneSignalNotificationServiceExtension;
			sourceTree = "<group>";
		};
		724916B2440F45EF5037D170 /* Pods */ = {
			isa = PBXGroup;
			children = (
				7E0B281FA37A382C40C47F71 /* Pods-hm-driver-ios.debug.xcconfig */,
				CE7ED5008D8E87A7666425D4 /* Pods-hm-driver-ios.release.xcconfig */,
				5A9BE3494D813F9298D4233A /* Pods-hm-driver-iosTests.debug.xcconfig */,
				2CEBF42A5BE5B86A3272ED97 /* Pods-hm-driver-iosTests.release.xcconfig */,
				3C48B6931DC8C2FC366E493B /* Pods-hm-driver-iosUITests.debug.xcconfig */,
				B218927035FC340ECB410272 /* Pods-hm-driver-iosUITests.release.xcconfig */,
				C6DD16778C92B209B34F85F5 /* Pods-hm-driver-ios-OneSignalNotificationServiceExtension.debug.xcconfig */,
				BCC2DBF26234DA30569CDD11 /* Pods-hm-driver-ios-OneSignalNotificationServiceExtension.release.xcconfig */,
			);
			path = Pods;
			sourceTree = "<group>";
		};
/* End PBXGroup section */

/* Begin PBXNativeTarget section */
		557B82A222B47531002D4774 /* hm-driver-ios */ = {
			isa = PBXNativeTarget;
			buildConfigurationList = 557B82CB22B47532002D4774 /* Build configuration list for PBXNativeTarget "hm-driver-ios" */;
			buildPhases = (
				AAB6B6FF9ECF380F4D74BE6C /* [CP] Check Pods Manifest.lock */,
				557B829F22B47531002D4774 /* Sources */,
				557B82A022B47531002D4774 /* Frameworks */,
				557B82A122B47531002D4774 /* Resources */,
				A63381DA7F49953EA32AC491 /* [CP] Embed Pods Frameworks */,
				55FAC71722E2C59C00D9AD3A /* Embed App Extensions */,
			);
			buildRules = (
			);
			dependencies = (
				55FAC71222E2C59C00D9AD3A /* PBXTargetDependency */,
			);
			name = "hm-driver-ios";
			productName = "hm-driver-ios";
			productReference = 557B82A322B47531002D4774 /* hm-driver-ios.app */;
			productType = "com.apple.product-type.application";
		};
		557B82B622B47532002D4774 /* hm-driver-iosTests */ = {
			isa = PBXNativeTarget;
			buildConfigurationList = 557B82CE22B47532002D4774 /* Build configuration list for PBXNativeTarget "hm-driver-iosTests" */;
			buildPhases = (
				3AEDC8EBC5D304EC87FD2B26 /* [CP] Check Pods Manifest.lock */,
				557B82B322B47532002D4774 /* Sources */,
				557B82B422B47532002D4774 /* Frameworks */,
				557B82B522B47532002D4774 /* Resources */,
			);
			buildRules = (
			);
			dependencies = (
				557B82B922B47532002D4774 /* PBXTargetDependency */,
			);
			name = "hm-driver-iosTests";
			productName = "hm-driver-iosTests";
			productReference = 557B82B722B47532002D4774 /* hm-driver-iosTests.xctest */;
			productType = "com.apple.product-type.bundle.unit-test";
		};
		557B82C122B47532002D4774 /* hm-driver-iosUITests */ = {
			isa = PBXNativeTarget;
			buildConfigurationList = 557B82D122B47532002D4774 /* Build configuration list for PBXNativeTarget "hm-driver-iosUITests" */;
			buildPhases = (
				B0150AEBB975B845510E1AED /* [CP] Check Pods Manifest.lock */,
				557B82BE22B47532002D4774 /* Sources */,
				557B82BF22B47532002D4774 /* Frameworks */,
				557B82C022B47532002D4774 /* Resources */,
			);
			buildRules = (
			);
			dependencies = (
				557B82C422B47532002D4774 /* PBXTargetDependency */,
			);
			name = "hm-driver-iosUITests";
			productName = "hm-driver-iosUITests";
			productReference = 557B82C222B47532002D4774 /* hm-driver-iosUITests.xctest */;
			productType = "com.apple.product-type.bundle.ui-testing";
		};
		55FAC70B22E2C59C00D9AD3A /* OneSignalNotificationServiceExtension */ = {
			isa = PBXNativeTarget;
			buildConfigurationList = 55FAC71422E2C59C00D9AD3A /* Build configuration list for PBXNativeTarget "OneSignalNotificationServiceExtension" */;
			buildPhases = (
				37319E1B922E1FF389FA4D39 /* [CP] Check Pods Manifest.lock */,
				55FAC70822E2C59C00D9AD3A /* Sources */,
				55FAC70922E2C59C00D9AD3A /* Frameworks */,
				55FAC70A22E2C59C00D9AD3A /* Resources */,
			);
			buildRules = (
			);
			dependencies = (
			);
			name = OneSignalNotificationServiceExtension;
			productName = OneSignalNotificationServiceExtension;
			productReference = 55FAC70C22E2C59C00D9AD3A /* OneSignalNotificationServiceExtension.appex */;
			productType = "com.apple.product-type.app-extension";
		};
/* End PBXNativeTarget section */

/* Begin PBXProject section */
		557B829B22B47531002D4774 /* Project object */ = {
			isa = PBXProject;
			attributes = {
				LastSwiftUpdateCheck = 1020;
				LastUpgradeCheck = 1020;
				ORGANIZATIONNAME = haimens;
				TargetAttributes = {
					557B82A222B47531002D4774 = {
						CreatedOnToolsVersion = 10.2.1;
						SystemCapabilities = {
							com.apple.BackgroundModes = {
								enabled = 1;
							};
							com.apple.Push = {
								enabled = 1;
							};
						};
					};
					557B82B622B47532002D4774 = {
						CreatedOnToolsVersion = 10.2.1;
						TestTargetID = 557B82A222B47531002D4774;
					};
					557B82C122B47532002D4774 = {
						CreatedOnToolsVersion = 10.2.1;
						TestTargetID = 557B82A222B47531002D4774;
					};
					55FAC70B22E2C59C00D9AD3A = {
						CreatedOnToolsVersion = 10.2.1;
					};
				};
			};
			buildConfigurationList = 557B829E22B47531002D4774 /* Build configuration list for PBXProject "hm-driver-ios" */;
			compatibilityVersion = "Xcode 9.3";
			developmentRegion = en;
			hasScannedForEncodings = 0;
			knownRegions = (
				en,
				Base,
			);
			mainGroup = 557B829A22B47531002D4774;
			productRefGroup = 557B82A422B47531002D4774 /* Products */;
			projectDirPath = "";
			projectRoot = "";
			targets = (
				557B82A222B47531002D4774 /* hm-driver-ios */,
				557B82B622B47532002D4774 /* hm-driver-iosTests */,
				557B82C122B47532002D4774 /* hm-driver-iosUITests */,
				55FAC70B22E2C59C00D9AD3A /* OneSignalNotificationServiceExtension */,
			);
		};
/* End PBXProject section */

/* Begin PBXResourcesBuildPhase section */
		557B82A122B47531002D4774 /* Resources */ = {
			isa = PBXResourcesBuildPhase;
			buildActionMask = 2147483647;
			files = (
				557B82B122B47532002D4774 /* LaunchScreen.storyboard in Resources */,
				557B82AE22B47532002D4774 /* Assets.xcassets in Resources */,
				557B82AC22B47531002D4774 /* Main.storyboard in Resources */,
			);
			runOnlyForDeploymentPostprocessing = 0;
		};
		557B82B522B47532002D4774 /* Resources */ = {
			isa = PBXResourcesBuildPhase;
			buildActionMask = 2147483647;
			files = (
			);
			runOnlyForDeploymentPostprocessing = 0;
		};
		557B82C022B47532002D4774 /* Resources */ = {
			isa = PBXResourcesBuildPhase;
			buildActionMask = 2147483647;
			files = (
			);
			runOnlyForDeploymentPostprocessing = 0;
		};
		55FAC70A22E2C59C00D9AD3A /* Resources */ = {
			isa = PBXResourcesBuildPhase;
			buildActionMask = 2147483647;
			files = (
			);
			runOnlyForDeploymentPostprocessing = 0;
		};
/* End PBXResourcesBuildPhase section */

/* Begin PBXShellScriptBuildPhase section */
		37319E1B922E1FF389FA4D39 /* [CP] Check Pods Manifest.lock */ = {
			isa = PBXShellScriptBuildPhase;
			buildActionMask = 2147483647;
			files = (
			);
			inputFileListPaths = (
			);
			inputPaths = (
				"${PODS_PODFILE_DIR_PATH}/Podfile.lock",
				"${PODS_ROOT}/Manifest.lock",
			);
			name = "[CP] Check Pods Manifest.lock";
			outputFileListPaths = (
			);
			outputPaths = (
				"$(DERIVED_FILE_DIR)/Pods-hm-driver-ios-OneSignalNotificationServiceExtension-checkManifestLockResult.txt",
			);
			runOnlyForDeploymentPostprocessing = 0;
			shellPath = /bin/sh;
			shellScript = "diff \"${PODS_PODFILE_DIR_PATH}/Podfile.lock\" \"${PODS_ROOT}/Manifest.lock\" > /dev/null\nif [ $? != 0 ] ; then\n    # print error to STDERR\n    echo \"error: The sandbox is not in sync with the Podfile.lock. Run 'pod install' or update your CocoaPods installation.\" >&2\n    exit 1\nfi\n# This output is used by Xcode 'outputs' to avoid re-running this script phase.\necho \"SUCCESS\" > \"${SCRIPT_OUTPUT_FILE_0}\"\n";
			showEnvVarsInLog = 0;
		};
		3AEDC8EBC5D304EC87FD2B26 /* [CP] Check Pods Manifest.lock */ = {
			isa = PBXShellScriptBuildPhase;
			buildActionMask = 2147483647;
			files = (
			);
			inputFileListPaths = (
			);
			inputPaths = (
				"${PODS_PODFILE_DIR_PATH}/Podfile.lock",
				"${PODS_ROOT}/Manifest.lock",
			);
			name = "[CP] Check Pods Manifest.lock";
			outputFileListPaths = (
			);
			outputPaths = (
				"$(DERIVED_FILE_DIR)/Pods-hm-driver-iosTests-checkManifestLockResult.txt",
			);
			runOnlyForDeploymentPostprocessing = 0;
			shellPath = /bin/sh;
			shellScript = "diff \"${PODS_PODFILE_DIR_PATH}/Podfile.lock\" \"${PODS_ROOT}/Manifest.lock\" > /dev/null\nif [ $? != 0 ] ; then\n    # print error to STDERR\n    echo \"error: The sandbox is not in sync with the Podfile.lock. Run 'pod install' or update your CocoaPods installation.\" >&2\n    exit 1\nfi\n# This output is used by Xcode 'outputs' to avoid re-running this script phase.\necho \"SUCCESS\" > \"${SCRIPT_OUTPUT_FILE_0}\"\n";
			showEnvVarsInLog = 0;
		};
		A63381DA7F49953EA32AC491 /* [CP] Embed Pods Frameworks */ = {
			isa = PBXShellScriptBuildPhase;
			buildActionMask = 2147483647;
			files = (
			);
			inputFileListPaths = (
				"${PODS_ROOT}/Target Support Files/Pods-hm-driver-ios/Pods-hm-driver-ios-frameworks-${CONFIGURATION}-input-files.xcfilelist",
			);
			name = "[CP] Embed Pods Frameworks";
			outputFileListPaths = (
				"${PODS_ROOT}/Target Support Files/Pods-hm-driver-ios/Pods-hm-driver-ios-frameworks-${CONFIGURATION}-output-files.xcfilelist",
			);
			runOnlyForDeploymentPostprocessing = 0;
			shellPath = /bin/sh;
			shellScript = "\"${PODS_ROOT}/Target Support Files/Pods-hm-driver-ios/Pods-hm-driver-ios-frameworks.sh\"\n";
			showEnvVarsInLog = 0;
		};
		AAB6B6FF9ECF380F4D74BE6C /* [CP] Check Pods Manifest.lock */ = {
			isa = PBXShellScriptBuildPhase;
			buildActionMask = 2147483647;
			files = (
			);
			inputFileListPaths = (
			);
			inputPaths = (
				"${PODS_PODFILE_DIR_PATH}/Podfile.lock",
				"${PODS_ROOT}/Manifest.lock",
			);
			name = "[CP] Check Pods Manifest.lock";
			outputFileListPaths = (
			);
			outputPaths = (
				"$(DERIVED_FILE_DIR)/Pods-hm-driver-ios-checkManifestLockResult.txt",
			);
			runOnlyForDeploymentPostprocessing = 0;
			shellPath = /bin/sh;
			shellScript = "diff \"${PODS_PODFILE_DIR_PATH}/Podfile.lock\" \"${PODS_ROOT}/Manifest.lock\" > /dev/null\nif [ $? != 0 ] ; then\n    # print error to STDERR\n    echo \"error: The sandbox is not in sync with the Podfile.lock. Run 'pod install' or update your CocoaPods installation.\" >&2\n    exit 1\nfi\n# This output is used by Xcode 'outputs' to avoid re-running this script phase.\necho \"SUCCESS\" > \"${SCRIPT_OUTPUT_FILE_0}\"\n";
			showEnvVarsInLog = 0;
		};
		B0150AEBB975B845510E1AED /* [CP] Check Pods Manifest.lock */ = {
			isa = PBXShellScriptBuildPhase;
			buildActionMask = 2147483647;
			files = (
			);
			inputFileListPaths = (
			);
			inputPaths = (
				"${PODS_PODFILE_DIR_PATH}/Podfile.lock",
				"${PODS_ROOT}/Manifest.lock",
			);
			name = "[CP] Check Pods Manifest.lock";
			outputFileListPaths = (
			);
			outputPaths = (
				"$(DERIVED_FILE_DIR)/Pods-hm-driver-iosUITests-checkManifestLockResult.txt",
			);
			runOnlyForDeploymentPostprocessing = 0;
			shellPath = /bin/sh;
			shellScript = "diff \"${PODS_PODFILE_DIR_PATH}/Podfile.lock\" \"${PODS_ROOT}/Manifest.lock\" > /dev/null\nif [ $? != 0 ] ; then\n    # print error to STDERR\n    echo \"error: The sandbox is not in sync with the Podfile.lock. Run 'pod install' or update your CocoaPods installation.\" >&2\n    exit 1\nfi\n# This output is used by Xcode 'outputs' to avoid re-running this script phase.\necho \"SUCCESS\" > \"${SCRIPT_OUTPUT_FILE_0}\"\n";
			showEnvVarsInLog = 0;
		};
/* End PBXShellScriptBuildPhase section */

/* Begin PBXSourcesBuildPhase section */
		557B829F22B47531002D4774 /* Sources */ = {
			isa = PBXSourcesBuildPhase;
			buildActionMask = 2147483647;
			files = (
				5582607922DB6A4B003EDCCA /* HMEarningBalanceTableViewCell.swift in Sources */,
				55F2318722DD6E550005DEA4 /* HMGlobal.swift in Sources */,
				55EA8D5022B6F77400A57BF1 /* TDSwiftMapTools.swift in Sources */,
				55F9A2A522B4B92F00788FC5 /* TDSwiftHavana.swift in Sources */,
				55F9A2BF22B5A09300788FC5 /* HMBasicButton.swift in Sources */,
				5504A79F22D194AF00081C10 /* TDSwiftPopover+UIGestureRecognizer.swift in Sources */,
				55FAC70722E215ED00D9AD3A /* HMFlightInfoViewController.swift in Sources */,
				55005C2222E012AA00C66DA9 /* HMCustomerMessagingViewController.swift in Sources */,
				55EA8D4D22B6F38100A57BF1 /* HMTripDetailViewController.swift in Sources */,
				55F73AE122D5A87D00880212 /* TDSwiftInfiniteTableView.swift in Sources */,
				5504A79522D02AC900081C10 /* TDSwiftRouteDetailMapViewConfig.swift in Sources */,
				5504A7D622D21D9300081C10 /* TDSwiftHeartBeatConfig.swift in Sources */,
				55F9A2B722B5939800788FC5 /* HMMainTabBarController.swift in Sources */,
				5504A7A022D194AF00081C10 /* TDSwiftPopover.swift in Sources */,
				551B13C922D82F640079C696 /* TDSwiftAnimateBackgroundViewController.swift in Sources */,
				55DF25BD22B5E457003AED00 /* TDSwiftGesture.swift in Sources */,
				5504A79422D02AC900081C10 /* TDSwiftRouteDetailMapViewInfo.swift in Sources */,
				55EA8D4A22B6EEF500A57BF1 /* HMRouteDetailView.swift in Sources */,
				5582607122DADB19003EDCCA /* TDSwiftFileManager.swift in Sources */,
				5582607422DADBBF003EDCCA /* TDSwiftHash.swift in Sources */,
				5599D6BC22D99478008E5381 /* HMSalary.swift in Sources */,
				557B82A922B47531002D4774 /* HMAuthViewController.swift in Sources */,
				5504A7A522D1DA4500081C10 /* HMThreeDotsBarButtonItem.swift in Sources */,
				55F9A2B922B59F3300788FC5 /* CONST.swift in Sources */,
				5582606E22DAD2D4003EDCCA /* HMSms.swift in Sources */,
				55F73ADA22D4CB8A00880212 /* TDSwiftDate.swift in Sources */,
				551B13C322D6C9ED0079C696 /* HMLocationServicePermissionViewController.swift in Sources */,
				55ABB63322B629E500F569AF /* TDSwiftSegmentedControl.swift in Sources */,
				5504A79E22D194AF00081C10 /* TDSwiftPopover+UITableView.swift in Sources */,
				55EA8D5322B705D100A57BF1 /* HMEarningViewController.swift in Sources */,
				557B82E222B4B5DC002D4774 /* TDSwiftRequest.swift in Sources */,
				55061A2322B6C040003CDEAB /* TDSwiftShape.swift in Sources */,
				55F9A2A822B4BC1000788FC5 /* KeychainPasswordItem.swift in Sources */,
				55BCFB6322CCE8F30080C39E /* HMAuth.swift in Sources */,
				55F2318922DD6F080005DEA4 /* HMSetting.swift in Sources */,
				55F9A2AE22B58FAE00788FC5 /* TDSwiftAlert.swift in Sources */,
				5589A97B22C03FC1003353C9 /* TDSwiftRoundedCornerView.swift in Sources */,
				55ABB63522B629F900F569AF /* TDSwiftSegmentedControlConfig.swift in Sources */,
				55F73ADE22D4FD3D00880212 /* TDSwiftData.swift in Sources */,
				55061A2022B6BD54003CDEAB /* HMTripListTableViewCell.swift in Sources */,
				55EA8D5622B7062D00A57BF1 /* HMAccountViewController.swift in Sources */,
				5504A7A822D1DD3B00081C10 /* HMTripDetailPopover.swift in Sources */,
				557B82DD22B4B0CA002D4774 /* ENV.swift in Sources */,
				5599D6BA22D9945A008E5381 /* HMWage.swift in Sources */,
				55F9A2AA22B5677D00788FC5 /* DriverConn.swift in Sources */,
				5589A97822C03E23003353C9 /* HMTripDetailBGView.swift in Sources */,
				5504A79722D02AC900081C10 /* TDSwiftRouteDetailMapView.swift in Sources */,
				55F73AE422D5F59400880212 /* HMPersonalInfoViewController.swift in Sources */,
				5504A79D22D194AF00081C10 /* TDSwiftPopoverItem.swift in Sources */,
				5589A97522BF6B35003353C9 /* HMEarningSalaryTableViewCell.swift in Sources */,
				55F73AE622D5FDAB00880212 /* HMDriver.swift in Sources */,
				557B82A722B47531002D4774 /* AppDelegate.swift in Sources */,
				551B13C022D6C6570079C696 /* HMLocationManager.swift in Sources */,
				5582607722DADDBD003EDCCA /* TDSwiftImageManager.swift in Sources */,
				5504A7DD22D223B000081C10 /* HMHeartBeat.swift in Sources */,
				5504A7DF22D3947A00081C10 /* HMTrip.swift in Sources */,
				551B13C622D82E5B0079C696 /* HMResetPasswordViewController.swift in Sources */,
				557B82E322B4B5DC002D4774 /* TDSwiftRequestError.swift in Sources */,
				5599D6C222DAC422008E5381 /* TDSwiftUnitConverter.swift in Sources */,
				55F9A2B122B5926400788FC5 /* HMLoginViewController.swift in Sources */,
				5504A79322D02AC900081C10 /* TDSwiftRouteDetailMapViewResult.swift in Sources */,
				55F9A2BC22B5A04400788FC5 /* TDSwiftBasicButton.swift in Sources */,
				5582607B22DB76B3003EDCCA /* TDSwiftGradientView.swift in Sources */,
				5504A79622D02AC900081C10 /* TDSwiftRouteDetailMapViewAnnotation.swift in Sources */,
				5504A7D722D21D9300081C10 /* TDSwiftHeartBeat.swift in Sources */,
				55061A2622B6C067003CDEAB /* TDSwiftRouteDetailView.swift in Sources */,
				55F9A2B422B5929600788FC5 /* HMTripListViewController.swift in Sources */,
				5589A97322BF6B08003353C9 /* HMEarningWageTableViewCell.swift in Sources */,
				55ABB63022B6225800F569AF /* TDSwiftSpinner.swift in Sources */,
			);
			runOnlyForDeploymentPostprocessing = 0;
		};
		557B82B322B47532002D4774 /* Sources */ = {
			isa = PBXSourcesBuildPhase;
			buildActionMask = 2147483647;
			files = (
				557B82BC22B47532002D4774 /* hm_driver_iosTests.swift in Sources */,
			);
			runOnlyForDeploymentPostprocessing = 0;
		};
		557B82BE22B47532002D4774 /* Sources */ = {
			isa = PBXSourcesBuildPhase;
			buildActionMask = 2147483647;
			files = (
				557B82C722B47532002D4774 /* hm_driver_iosUITests.swift in Sources */,
			);
			runOnlyForDeploymentPostprocessing = 0;
		};
		55FAC70822E2C59C00D9AD3A /* Sources */ = {
			isa = PBXSourcesBuildPhase;
			buildActionMask = 2147483647;
			files = (
				55FAC70F22E2C59C00D9AD3A /* NotificationService.swift in Sources */,
			);
			runOnlyForDeploymentPostprocessing = 0;
		};
/* End PBXSourcesBuildPhase section */

/* Begin PBXTargetDependency section */
		557B82B922B47532002D4774 /* PBXTargetDependency */ = {
			isa = PBXTargetDependency;
			target = 557B82A222B47531002D4774 /* hm-driver-ios */;
			targetProxy = 557B82B822B47532002D4774 /* PBXContainerItemProxy */;
		};
		557B82C422B47532002D4774 /* PBXTargetDependency */ = {
			isa = PBXTargetDependency;
			target = 557B82A222B47531002D4774 /* hm-driver-ios */;
			targetProxy = 557B82C322B47532002D4774 /* PBXContainerItemProxy */;
		};
		55FAC71222E2C59C00D9AD3A /* PBXTargetDependency */ = {
			isa = PBXTargetDependency;
			target = 55FAC70B22E2C59C00D9AD3A /* OneSignalNotificationServiceExtension */;
			targetProxy = 55FAC71122E2C59C00D9AD3A /* PBXContainerItemProxy */;
		};
/* End PBXTargetDependency section */

/* Begin PBXVariantGroup section */
		557B82AA22B47531002D4774 /* Main.storyboard */ = {
			isa = PBXVariantGroup;
			children = (
				557B82AB22B47531002D4774 /* Base */,
			);
			name = Main.storyboard;
			sourceTree = "<group>";
		};
		557B82AF22B47532002D4774 /* LaunchScreen.storyboard */ = {
			isa = PBXVariantGroup;
			children = (
				557B82B022B47532002D4774 /* Base */,
			);
			name = LaunchScreen.storyboard;
			sourceTree = "<group>";
		};
/* End PBXVariantGroup section */

/* Begin XCBuildConfiguration section */
		557B82C922B47532002D4774 /* Debug */ = {
			isa = XCBuildConfiguration;
			buildSettings = {
				ALWAYS_SEARCH_USER_PATHS = NO;
				CLANG_ANALYZER_NONNULL = YES;
				CLANG_ANALYZER_NUMBER_OBJECT_CONVERSION = YES_AGGRESSIVE;
				CLANG_CXX_LANGUAGE_STANDARD = "gnu++14";
				CLANG_CXX_LIBRARY = "libc++";
				CLANG_ENABLE_MODULES = YES;
				CLANG_ENABLE_OBJC_ARC = YES;
				CLANG_ENABLE_OBJC_WEAK = YES;
				CLANG_WARN_BLOCK_CAPTURE_AUTORELEASING = YES;
				CLANG_WARN_BOOL_CONVERSION = YES;
				CLANG_WARN_COMMA = YES;
				CLANG_WARN_CONSTANT_CONVERSION = YES;
				CLANG_WARN_DEPRECATED_OBJC_IMPLEMENTATIONS = YES;
				CLANG_WARN_DIRECT_OBJC_ISA_USAGE = YES_ERROR;
				CLANG_WARN_DOCUMENTATION_COMMENTS = YES;
				CLANG_WARN_EMPTY_BODY = YES;
				CLANG_WARN_ENUM_CONVERSION = YES;
				CLANG_WARN_INFINITE_RECURSION = YES;
				CLANG_WARN_INT_CONVERSION = YES;
				CLANG_WARN_NON_LITERAL_NULL_CONVERSION = YES;
				CLANG_WARN_OBJC_IMPLICIT_RETAIN_SELF = YES;
				CLANG_WARN_OBJC_LITERAL_CONVERSION = YES;
				CLANG_WARN_OBJC_ROOT_CLASS = YES_ERROR;
				CLANG_WARN_RANGE_LOOP_ANALYSIS = YES;
				CLANG_WARN_STRICT_PROTOTYPES = YES;
				CLANG_WARN_SUSPICIOUS_MOVE = YES;
				CLANG_WARN_UNGUARDED_AVAILABILITY = YES_AGGRESSIVE;
				CLANG_WARN_UNREACHABLE_CODE = YES;
				CLANG_WARN__DUPLICATE_METHOD_MATCH = YES;
				CODE_SIGN_IDENTITY = "iPhone Developer";
				COPY_PHASE_STRIP = NO;
				DEBUG_INFORMATION_FORMAT = dwarf;
				ENABLE_STRICT_OBJC_MSGSEND = YES;
				ENABLE_TESTABILITY = YES;
				GCC_C_LANGUAGE_STANDARD = gnu11;
				GCC_DYNAMIC_NO_PIC = NO;
				GCC_NO_COMMON_BLOCKS = YES;
				GCC_OPTIMIZATION_LEVEL = 0;
				GCC_PREPROCESSOR_DEFINITIONS = (
					"DEBUG=1",
					"$(inherited)",
				);
				GCC_WARN_64_TO_32_BIT_CONVERSION = YES;
				GCC_WARN_ABOUT_RETURN_TYPE = YES_ERROR;
				GCC_WARN_UNDECLARED_SELECTOR = YES;
				GCC_WARN_UNINITIALIZED_AUTOS = YES_AGGRESSIVE;
				GCC_WARN_UNUSED_FUNCTION = YES;
				GCC_WARN_UNUSED_VARIABLE = YES;
				IPHONEOS_DEPLOYMENT_TARGET = 11.0;
				MTL_ENABLE_DEBUG_INFO = INCLUDE_SOURCE;
				MTL_FAST_MATH = YES;
				ONLY_ACTIVE_ARCH = YES;
				SDKROOT = iphoneos;
				SWIFT_ACTIVE_COMPILATION_CONDITIONS = DEBUG;
				SWIFT_OPTIMIZATION_LEVEL = "-Onone";
			};
			name = Debug;
		};
		557B82CA22B47532002D4774 /* Release */ = {
			isa = XCBuildConfiguration;
			buildSettings = {
				ALWAYS_SEARCH_USER_PATHS = NO;
				CLANG_ANALYZER_NONNULL = YES;
				CLANG_ANALYZER_NUMBER_OBJECT_CONVERSION = YES_AGGRESSIVE;
				CLANG_CXX_LANGUAGE_STANDARD = "gnu++14";
				CLANG_CXX_LIBRARY = "libc++";
				CLANG_ENABLE_MODULES = YES;
				CLANG_ENABLE_OBJC_ARC = YES;
				CLANG_ENABLE_OBJC_WEAK = YES;
				CLANG_WARN_BLOCK_CAPTURE_AUTORELEASING = YES;
				CLANG_WARN_BOOL_CONVERSION = YES;
				CLANG_WARN_COMMA = YES;
				CLANG_WARN_CONSTANT_CONVERSION = YES;
				CLANG_WARN_DEPRECATED_OBJC_IMPLEMENTATIONS = YES;
				CLANG_WARN_DIRECT_OBJC_ISA_USAGE = YES_ERROR;
				CLANG_WARN_DOCUMENTATION_COMMENTS = YES;
				CLANG_WARN_EMPTY_BODY = YES;
				CLANG_WARN_ENUM_CONVERSION = YES;
				CLANG_WARN_INFINITE_RECURSION = YES;
				CLANG_WARN_INT_CONVERSION = YES;
				CLANG_WARN_NON_LITERAL_NULL_CONVERSION = YES;
				CLANG_WARN_OBJC_IMPLICIT_RETAIN_SELF = YES;
				CLANG_WARN_OBJC_LITERAL_CONVERSION = YES;
				CLANG_WARN_OBJC_ROOT_CLASS = YES_ERROR;
				CLANG_WARN_RANGE_LOOP_ANALYSIS = YES;
				CLANG_WARN_STRICT_PROTOTYPES = YES;
				CLANG_WARN_SUSPICIOUS_MOVE = YES;
				CLANG_WARN_UNGUARDED_AVAILABILITY = YES_AGGRESSIVE;
				CLANG_WARN_UNREACHABLE_CODE = YES;
				CLANG_WARN__DUPLICATE_METHOD_MATCH = YES;
				CODE_SIGN_IDENTITY = "iPhone Developer";
				COPY_PHASE_STRIP = NO;
				DEBUG_INFORMATION_FORMAT = "dwarf-with-dsym";
				ENABLE_NS_ASSERTIONS = NO;
				ENABLE_STRICT_OBJC_MSGSEND = YES;
				GCC_C_LANGUAGE_STANDARD = gnu11;
				GCC_NO_COMMON_BLOCKS = YES;
				GCC_WARN_64_TO_32_BIT_CONVERSION = YES;
				GCC_WARN_ABOUT_RETURN_TYPE = YES_ERROR;
				GCC_WARN_UNDECLARED_SELECTOR = YES;
				GCC_WARN_UNINITIALIZED_AUTOS = YES_AGGRESSIVE;
				GCC_WARN_UNUSED_FUNCTION = YES;
				GCC_WARN_UNUSED_VARIABLE = YES;
				IPHONEOS_DEPLOYMENT_TARGET = 11.0;
				MTL_ENABLE_DEBUG_INFO = NO;
				MTL_FAST_MATH = YES;
				SDKROOT = iphoneos;
				SWIFT_COMPILATION_MODE = wholemodule;
				SWIFT_OPTIMIZATION_LEVEL = "-O";
				VALIDATE_PRODUCT = YES;
			};
			name = Release;
		};
		557B82CC22B47532002D4774 /* Debug */ = {
			isa = XCBuildConfiguration;
			baseConfigurationReference = 7E0B281FA37A382C40C47F71 /* Pods-hm-driver-ios.debug.xcconfig */;
			buildSettings = {
				ALWAYS_EMBED_SWIFT_STANDARD_LIBRARIES = YES;
				ASSETCATALOG_COMPILER_APPICON_NAME = AppIcon;
				CODE_SIGN_ENTITLEMENTS = "hm-driver-ios/SupportFiles/hm-driver-ios.entitlements";
				CODE_SIGN_STYLE = Automatic;
				DEVELOPMENT_TEAM = V4DA2L93AX;
				INFOPLIST_FILE = "$(SRCROOT)/hm-driver-ios/SupportFiles/Info.plist";
				LD_RUNPATH_SEARCH_PATHS = (
					"$(inherited)",
					"@executable_path/Frameworks",
				);
				PRODUCT_BUNDLE_IDENTIFIER = "haimens.vn-driver-ios";
				PRODUCT_NAME = "$(TARGET_NAME)";
				SWIFT_VERSION = 5.0;
				TARGETED_DEVICE_FAMILY = 1;
			};
			name = Debug;
		};
		557B82CD22B47532002D4774 /* Release */ = {
			isa = XCBuildConfiguration;
			baseConfigurationReference = CE7ED5008D8E87A7666425D4 /* Pods-hm-driver-ios.release.xcconfig */;
			buildSettings = {
				ALWAYS_EMBED_SWIFT_STANDARD_LIBRARIES = YES;
				ASSETCATALOG_COMPILER_APPICON_NAME = AppIcon;
				CODE_SIGN_ENTITLEMENTS = "hm-driver-ios/SupportFiles/hm-driver-ios.entitlements";
				CODE_SIGN_STYLE = Automatic;
				DEVELOPMENT_TEAM = V4DA2L93AX;
				INFOPLIST_FILE = "$(SRCROOT)/hm-driver-ios/SupportFiles/Info.plist";
				LD_RUNPATH_SEARCH_PATHS = (
					"$(inherited)",
					"@executable_path/Frameworks",
				);
				PRODUCT_BUNDLE_IDENTIFIER = "haimens.vn-driver-ios";
				PRODUCT_NAME = "$(TARGET_NAME)";
				SWIFT_VERSION = 5.0;
				TARGETED_DEVICE_FAMILY = 1;
			};
			name = Release;
		};
		557B82CF22B47532002D4774 /* Debug */ = {
			isa = XCBuildConfiguration;
			baseConfigurationReference = 5A9BE3494D813F9298D4233A /* Pods-hm-driver-iosTests.debug.xcconfig */;
			buildSettings = {
				ALWAYS_EMBED_SWIFT_STANDARD_LIBRARIES = YES;
				BUNDLE_LOADER = "$(TEST_HOST)";
				CODE_SIGN_STYLE = Automatic;
				INFOPLIST_FILE = "hm-driver-iosTests/Info.plist";
				LD_RUNPATH_SEARCH_PATHS = (
					"$(inherited)",
					"@executable_path/Frameworks",
					"@loader_path/Frameworks",
				);
				PRODUCT_BUNDLE_IDENTIFIER = "haimens.hm-driver-iosTests";
				PRODUCT_NAME = "$(TARGET_NAME)";
				SWIFT_VERSION = 5.0;
				TARGETED_DEVICE_FAMILY = "1,2";
				TEST_HOST = "$(BUILT_PRODUCTS_DIR)/hm-driver-ios.app/hm-driver-ios";
			};
			name = Debug;
		};
		557B82D022B47532002D4774 /* Release */ = {
			isa = XCBuildConfiguration;
			baseConfigurationReference = 2CEBF42A5BE5B86A3272ED97 /* Pods-hm-driver-iosTests.release.xcconfig */;
			buildSettings = {
				ALWAYS_EMBED_SWIFT_STANDARD_LIBRARIES = YES;
				BUNDLE_LOADER = "$(TEST_HOST)";
				CODE_SIGN_STYLE = Automatic;
				INFOPLIST_FILE = "hm-driver-iosTests/Info.plist";
				LD_RUNPATH_SEARCH_PATHS = (
					"$(inherited)",
					"@executable_path/Frameworks",
					"@loader_path/Frameworks",
				);
				PRODUCT_BUNDLE_IDENTIFIER = "haimens.hm-driver-iosTests";
				PRODUCT_NAME = "$(TARGET_NAME)";
				SWIFT_VERSION = 5.0;
				TARGETED_DEVICE_FAMILY = "1,2";
				TEST_HOST = "$(BUILT_PRODUCTS_DIR)/hm-driver-ios.app/hm-driver-ios";
			};
			name = Release;
		};
		557B82D222B47532002D4774 /* Debug */ = {
			isa = XCBuildConfiguration;
			baseConfigurationReference = 3C48B6931DC8C2FC366E493B /* Pods-hm-driver-iosUITests.debug.xcconfig */;
			buildSettings = {
				ALWAYS_EMBED_SWIFT_STANDARD_LIBRARIES = YES;
				CODE_SIGN_STYLE = Automatic;
				INFOPLIST_FILE = "hm-driver-iosUITests/Info.plist";
				LD_RUNPATH_SEARCH_PATHS = (
					"$(inherited)",
					"@executable_path/Frameworks",
					"@loader_path/Frameworks",
				);
				PRODUCT_BUNDLE_IDENTIFIER = "haimens.hm-driver-iosUITests";
				PRODUCT_NAME = "$(TARGET_NAME)";
				SWIFT_VERSION = 5.0;
				TARGETED_DEVICE_FAMILY = "1,2";
				TEST_TARGET_NAME = "hm-driver-ios";
			};
			name = Debug;
		};
		557B82D322B47532002D4774 /* Release */ = {
			isa = XCBuildConfiguration;
			baseConfigurationReference = B218927035FC340ECB410272 /* Pods-hm-driver-iosUITests.release.xcconfig */;
			buildSettings = {
				ALWAYS_EMBED_SWIFT_STANDARD_LIBRARIES = YES;
				CODE_SIGN_STYLE = Automatic;
				INFOPLIST_FILE = "hm-driver-iosUITests/Info.plist";
				LD_RUNPATH_SEARCH_PATHS = (
					"$(inherited)",
					"@executable_path/Frameworks",
					"@loader_path/Frameworks",
				);
				PRODUCT_BUNDLE_IDENTIFIER = "haimens.hm-driver-iosUITests";
				PRODUCT_NAME = "$(TARGET_NAME)";
				SWIFT_VERSION = 5.0;
				TARGETED_DEVICE_FAMILY = "1,2";
				TEST_TARGET_NAME = "hm-driver-ios";
			};
			name = Release;
		};
		55FAC71522E2C59C00D9AD3A /* Debug */ = {
			isa = XCBuildConfiguration;
			baseConfigurationReference = C6DD16778C92B209B34F85F5 /* Pods-hm-driver-ios-OneSignalNotificationServiceExtension.debug.xcconfig */;
			buildSettings = {
				CODE_SIGN_STYLE = Automatic;
				DEVELOPMENT_TEAM = V4DA2L93AX;
				INFOPLIST_FILE = OneSignalNotificationServiceExtension/Info.plist;
				IPHONEOS_DEPLOYMENT_TARGET = 10;
				LD_RUNPATH_SEARCH_PATHS = (
					"$(inherited)",
					"@executable_path/Frameworks",
					"@executable_path/../../Frameworks",
				);
				PRODUCT_BUNDLE_IDENTIFIER = "haimens.vn-driver-ios.OneSignalNotificationServiceExtension";
				PRODUCT_NAME = "$(TARGET_NAME)";
				SKIP_INSTALL = YES;
				SWIFT_VERSION = 5.0;
				TARGETED_DEVICE_FAMILY = "1,2";
			};
			name = Debug;
		};
		55FAC71622E2C59C00D9AD3A /* Release */ = {
			isa = XCBuildConfiguration;
			baseConfigurationReference = BCC2DBF26234DA30569CDD11 /* Pods-hm-driver-ios-OneSignalNotificationServiceExtension.release.xcconfig */;
			buildSettings = {
				CODE_SIGN_STYLE = Automatic;
				DEVELOPMENT_TEAM = V4DA2L93AX;
				INFOPLIST_FILE = OneSignalNotificationServiceExtension/Info.plist;
				IPHONEOS_DEPLOYMENT_TARGET = 10;
				LD_RUNPATH_SEARCH_PATHS = (
					"$(inherited)",
					"@executable_path/Frameworks",
					"@executable_path/../../Frameworks",
				);
				PRODUCT_BUNDLE_IDENTIFIER = "haimens.vn-driver-ios.OneSignalNotificationServiceExtension";
				PRODUCT_NAME = "$(TARGET_NAME)";
				SKIP_INSTALL = YES;
				SWIFT_VERSION = 5.0;
				TARGETED_DEVICE_FAMILY = "1,2";
			};
			name = Release;
		};
/* End XCBuildConfiguration section */

/* Begin XCConfigurationList section */
		557B829E22B47531002D4774 /* Build configuration list for PBXProject "hm-driver-ios" */ = {
			isa = XCConfigurationList;
			buildConfigurations = (
				557B82C922B47532002D4774 /* Debug */,
				557B82CA22B47532002D4774 /* Release */,
			);
			defaultConfigurationIsVisible = 0;
			defaultConfigurationName = Release;
		};
		557B82CB22B47532002D4774 /* Build configuration list for PBXNativeTarget "hm-driver-ios" */ = {
			isa = XCConfigurationList;
			buildConfigurations = (
				557B82CC22B47532002D4774 /* Debug */,
				557B82CD22B47532002D4774 /* Release */,
			);
			defaultConfigurationIsVisible = 0;
			defaultConfigurationName = Release;
		};
		557B82CE22B47532002D4774 /* Build configuration list for PBXNativeTarget "hm-driver-iosTests" */ = {
			isa = XCConfigurationList;
			buildConfigurations = (
				557B82CF22B47532002D4774 /* Debug */,
				557B82D022B47532002D4774 /* Release */,
			);
			defaultConfigurationIsVisible = 0;
			defaultConfigurationName = Release;
		};
		557B82D122B47532002D4774 /* Build configuration list for PBXNativeTarget "hm-driver-iosUITests" */ = {
			isa = XCConfigurationList;
			buildConfigurations = (
				557B82D222B47532002D4774 /* Debug */,
				557B82D322B47532002D4774 /* Release */,
			);
			defaultConfigurationIsVisible = 0;
			defaultConfigurationName = Release;
		};
		55FAC71422E2C59C00D9AD3A /* Build configuration list for PBXNativeTarget "OneSignalNotificationServiceExtension" */ = {
			isa = XCConfigurationList;
			buildConfigurations = (
				55FAC71522E2C59C00D9AD3A /* Debug */,
				55FAC71622E2C59C00D9AD3A /* Release */,
			);
			defaultConfigurationIsVisible = 0;
			defaultConfigurationName = Release;
		};
/* End XCConfigurationList section */
	};
	rootObject = 557B829B22B47531002D4774 /* Project object */;
}
